// !$*UTF8*$!
{
	archiveVersion = 1;
	classes = {
	};
	objectVersion = 48;
	objects = {

/* Begin PBXBuildFile section */
		48AD0081BD6C4D1E68969B1E /* Pods_WeatherForecastTests.framework in Frameworks */ = {isa = PBXBuildFile; fileRef = EF35C21776787B24FF92741C /* Pods_WeatherForecastTests.framework */; };
		C90A7BFF202AF91600B8DD95 /* AppDelegate.swift in Sources */ = {isa = PBXBuildFile; fileRef = C90A7BFE202AF91600B8DD95 /* AppDelegate.swift */; };
		C90A7C01202AF91600B8DD95 /* WeatherViewController.swift in Sources */ = {isa = PBXBuildFile; fileRef = C90A7C00202AF91600B8DD95 /* WeatherViewController.swift */; };
		C90A7C04202AF91600B8DD95 /* Main.storyboard in Resources */ = {isa = PBXBuildFile; fileRef = C90A7C02202AF91600B8DD95 /* Main.storyboard */; };
		C90A7C06202AF91600B8DD95 /* Assets.xcassets in Resources */ = {isa = PBXBuildFile; fileRef = C90A7C05202AF91600B8DD95 /* Assets.xcassets */; };
		C90A7C09202AF91600B8DD95 /* LaunchScreen.storyboard in Resources */ = {isa = PBXBuildFile; fileRef = C90A7C07202AF91600B8DD95 /* LaunchScreen.storyboard */; };
		C90A7C14202AF91600B8DD95 /* WeatherForecastTests.swift in Sources */ = {isa = PBXBuildFile; fileRef = C90A7C13202AF91600B8DD95 /* WeatherForecastTests.swift */; };
		C90A7C23202B594C00B8DD95 /* API.swift in Sources */ = {isa = PBXBuildFile; fileRef = C90A7C21202B453300B8DD95 /* API.swift */; };
		C90A7C25202B603900B8DD95 /* NetworkManager.swift in Sources */ = {isa = PBXBuildFile; fileRef = C90A7C24202B603900B8DD95 /* NetworkManager.swift */; };
		C90A7C27202B684A00B8DD95 /* API.swift in Sources */ = {isa = PBXBuildFile; fileRef = C90A7C21202B453300B8DD95 /* API.swift */; };
		C90A7C28202B686900B8DD95 /* APIConstant.swift in Sources */ = {isa = PBXBuildFile; fileRef = C90A7C1E202AFB2900B8DD95 /* APIConstant.swift */; };
		C90A7C29202B687700B8DD95 /* APIConstant.swift in Sources */ = {isa = PBXBuildFile; fileRef = C90A7C1E202AFB2900B8DD95 /* APIConstant.swift */; };
		C90A7C2B202C0D1200B8DD95 /* Weather.swift in Sources */ = {isa = PBXBuildFile; fileRef = C90A7C2A202C0D1200B8DD95 /* Weather.swift */; };
		C90A7C2D202C0F0700B8DD95 /* Forecast.swift in Sources */ = {isa = PBXBuildFile; fileRef = C90A7C2C202C0F0700B8DD95 /* Forecast.swift */; };
		C90A7C2F202C11B700B8DD95 /* WeatherDetail.swift in Sources */ = {isa = PBXBuildFile; fileRef = C90A7C2E202C11B700B8DD95 /* WeatherDetail.swift */; };
		C90A7C31202C122C00B8DD95 /* WeeklyForecast.swift in Sources */ = {isa = PBXBuildFile; fileRef = C90A7C30202C122C00B8DD95 /* WeeklyForecast.swift */; };
		C90A7C33202C127100B8DD95 /* City.swift in Sources */ = {isa = PBXBuildFile; fileRef = C90A7C32202C127100B8DD95 /* City.swift */; };
		C90A7C37202D630E00B8DD95 /* NetworkManager.swift in Sources */ = {isa = PBXBuildFile; fileRef = C90A7C24202B603900B8DD95 /* NetworkManager.swift */; };
		C90A7C38202D631500B8DD95 /* WeeklyForecast.swift in Sources */ = {isa = PBXBuildFile; fileRef = C90A7C30202C122C00B8DD95 /* WeeklyForecast.swift */; };
		C90A7C39202D631700B8DD95 /* Weather.swift in Sources */ = {isa = PBXBuildFile; fileRef = C90A7C2A202C0D1200B8DD95 /* Weather.swift */; };
		C90A7C3A202D631A00B8DD95 /* WeatherDetail.swift in Sources */ = {isa = PBXBuildFile; fileRef = C90A7C2E202C11B700B8DD95 /* WeatherDetail.swift */; };
		C90A7C3C202D632000B8DD95 /* City.swift in Sources */ = {isa = PBXBuildFile; fileRef = C90A7C32202C127100B8DD95 /* City.swift */; };
		C90A7C3D202D632400B8DD95 /* Forecast.swift in Sources */ = {isa = PBXBuildFile; fileRef = C90A7C2C202C0F0700B8DD95 /* Forecast.swift */; };
		C90A7C40202DD28B00B8DD95 /* NetworkManagerTests.swift in Sources */ = {isa = PBXBuildFile; fileRef = C90A7C3F202DD28A00B8DD95 /* NetworkManagerTests.swift */; };
		C90A7C4A2032BEEC00B8DD95 /* WeatherTableViewCell.swift in Sources */ = {isa = PBXBuildFile; fileRef = C90A7C492032BEEC00B8DD95 /* WeatherTableViewCell.swift */; };
		C90A7C502037111700B8DD95 /* CitySearchController.swift in Sources */ = {isa = PBXBuildFile; fileRef = C90A7C4F2037111600B8DD95 /* CitySearchController.swift */; };
		C90A7C52203727D600B8DD95 /* SearchTableViewCell.swift in Sources */ = {isa = PBXBuildFile; fileRef = C90A7C51203727D600B8DD95 /* SearchTableViewCell.swift */; };
		C90A7C56203AE5A100B8DD95 /* Extenstion+Font.swift in Sources */ = {isa = PBXBuildFile; fileRef = C90A7C55203AE5A000B8DD95 /* Extenstion+Font.swift */; };
		C90A7C5C203C088D00B8DD95 /* LocationService.swift in Sources */ = {isa = PBXBuildFile; fileRef = C90A7C5B203C088C00B8DD95 /* LocationService.swift */; };
		C90A7C5E203CACC700B8DD95 /* CurrentWeather.swift in Sources */ = {isa = PBXBuildFile; fileRef = C90A7C5D203CACC700B8DD95 /* CurrentWeather.swift */; };
		C90A7C62203DC8CC00B8DD95 /* History.swift in Sources */ = {isa = PBXBuildFile; fileRef = C90A7C61203DC8CC00B8DD95 /* History.swift */; };
		C90A7C64203ED2B900B8DD95 /* WeatherDetailViewController.swift in Sources */ = {isa = PBXBuildFile; fileRef = C90A7C63203ED2B900B8DD95 /* WeatherDetailViewController.swift */; };
		C90A7CA9203FF5CB00B8DD95 /* WeatherDetailContainerViewController.swift in Sources */ = {isa = PBXBuildFile; fileRef = C90A7CA8203FF5CB00B8DD95 /* WeatherDetailContainerViewController.swift */; };
		C91780F82093A3340018DCDD /* SegmentedSwitch.swift in Sources */ = {isa = PBXBuildFile; fileRef = C91780F72093A3340018DCDD /* SegmentedSwitch.swift */; };
		C91780FA2093A3600018DCDD /* SegmentedView.swift in Sources */ = {isa = PBXBuildFile; fileRef = C91780F92093A3600018DCDD /* SegmentedView.swift */; };
		C91FA1FA208CFAD1003855D6 /* Identifiable.swift in Sources */ = {isa = PBXBuildFile; fileRef = C9E60191207676C40085378C /* Identifiable.swift */; };
		C91FA1FB208CFB4D003855D6 /* Extension+UIImage.swift in Sources */ = {isa = PBXBuildFile; fileRef = C9E6030B207D21D80085378C /* Extension+UIImage.swift */; };
		C91FA1FD208D8959003855D6 /* MenuViewController.swift in Sources */ = {isa = PBXBuildFile; fileRef = C91FA1FC208D8959003855D6 /* MenuViewController.swift */; };
		C91FA1FE208DAD08003855D6 /* MenuViewController.swift in Sources */ = {isa = PBXBuildFile; fileRef = C91FA1FC208D8959003855D6 /* MenuViewController.swift */; };
		C91FA1FF208DF2EA003855D6 /* Extension+Notification.swift in Sources */ = {isa = PBXBuildFile; fileRef = C9E60133206BE2060085378C /* Extension+Notification.swift */; };
		C91FA203208F9CE7003855D6 /* SectionHeaderView.xib in Resources */ = {isa = PBXBuildFile; fileRef = C91FA202208F9CE7003855D6 /* SectionHeaderView.xib */; };
		C91FA205208F9D22003855D6 /* SectionHeaderView.swift in Sources */ = {isa = PBXBuildFile; fileRef = C91FA204208F9D22003855D6 /* SectionHeaderView.swift */; };
		C933197420585C4100F9447F /* WeatherDetailCell.swift in Sources */ = {isa = PBXBuildFile; fileRef = C933197220585C4100F9447F /* WeatherDetailCell.swift */; };
		C933197520585C4100F9447F /* WeatherDetailCell.xib in Resources */ = {isa = PBXBuildFile; fileRef = C933197320585C4100F9447F /* WeatherDetailCell.xib */; };
		C93FC069205AA9A800FDD145 /* ContentsCell.swift in Sources */ = {isa = PBXBuildFile; fileRef = C93FC068205AA9A800FDD145 /* ContentsCell.swift */; };
		C942A9762080DB3300C32D1F /* CloudyView.swift in Sources */ = {isa = PBXBuildFile; fileRef = C942A9752080DB3200C32D1F /* CloudyView.swift */; };
		C942A99C208283C000C32D1F /* RainyView.swift in Sources */ = {isa = PBXBuildFile; fileRef = C942A99B208283BF00C32D1F /* RainyView.swift */; };
		C942A99E2083C0F000C32D1F /* FlexibleCell.swift in Sources */ = {isa = PBXBuildFile; fileRef = C942A99D2083C0EE00C32D1F /* FlexibleCell.swift */; };
		C942A9A02083D09E00C32D1F /* AvailableFlexibleCells.swift in Sources */ = {isa = PBXBuildFile; fileRef = C942A99F2083D09E00C32D1F /* AvailableFlexibleCells.swift */; };
		C95645782086700C00D92EDB /* FlickerJSON.swift in Sources */ = {isa = PBXBuildFile; fileRef = C95645772086700C00D92EDB /* FlickerJSON.swift */; };
		C95645792086F6BF00D92EDB /* FlickerJSON.swift in Sources */ = {isa = PBXBuildFile; fileRef = C95645772086700C00D92EDB /* FlickerJSON.swift */; };
		C9775D452094F4CA003548EA /* OptionSwitchCell.swift in Sources */ = {isa = PBXBuildFile; fileRef = C9775D442094F4CA003548EA /* OptionSwitchCell.swift */; };
		C9A46DFA2090F106009BE658 /* SettingTransitionManager.swift in Sources */ = {isa = PBXBuildFile; fileRef = C9A46DF92090F106009BE658 /* SettingTransitionManager.swift */; };
		C9A62156208860F900FE8AFB /* LocationService.swift in Sources */ = {isa = PBXBuildFile; fileRef = C90A7C5B203C088C00B8DD95 /* LocationService.swift */; };
		C9A621572088644600FE8AFB /* Presentable.swift in Sources */ = {isa = PBXBuildFile; fileRef = C9E6012C20694CDA0085378C /* Presentable.swift */; };
		C9A6215A2088880500FE8AFB /* Photos.swift in Sources */ = {isa = PBXBuildFile; fileRef = C9A621592088880500FE8AFB /* Photos.swift */; };
		C9A6215C2088881A00FE8AFB /* Photo.swift in Sources */ = {isa = PBXBuildFile; fileRef = C9A6215B2088881A00FE8AFB /* Photo.swift */; };
		C9A6215D2088886A00FE8AFB /* Photos.swift in Sources */ = {isa = PBXBuildFile; fileRef = C9A621592088880500FE8AFB /* Photos.swift */; };
		C9A6215E2088886E00FE8AFB /* Photo.swift in Sources */ = {isa = PBXBuildFile; fileRef = C9A6215B2088881A00FE8AFB /* Photo.swift */; };
		C9A621602089804C00FE8AFB /* Extension+Float.swift in Sources */ = {isa = PBXBuildFile; fileRef = C9A6215F2089804B00FE8AFB /* Extension+Float.swift */; };
		C9A621612089806A00FE8AFB /* Extension+Float.swift in Sources */ = {isa = PBXBuildFile; fileRef = C9A6215F2089804B00FE8AFB /* Extension+Float.swift */; };
		C9A621632089809A00FE8AFB /* FloatExtensionTests.swift in Sources */ = {isa = PBXBuildFile; fileRef = C9A621622089809A00FE8AFB /* FloatExtensionTests.swift */; };
		C9A621652089E74800FE8AFB /* Action.swift in Sources */ = {isa = PBXBuildFile; fileRef = C9A621642089E74800FE8AFB /* Action.swift */; };
		C9AB5EBB2090E432005729C8 /* SettingViewController.swift in Sources */ = {isa = PBXBuildFile; fileRef = C9AB5EBA2090E432005729C8 /* SettingViewController.swift */; };
		C9C0FC15204333FC002D636F /* HourWeatherCell.swift in Sources */ = {isa = PBXBuildFile; fileRef = C9C0FC14204333FC002D636F /* HourWeatherCell.swift */; };
		C9C0FC17204334C9002D636F /* TodayWeatherCell.swift in Sources */ = {isa = PBXBuildFile; fileRef = C9C0FC16204334C9002D636F /* TodayWeatherCell.swift */; };
		C9C0FC422046F529002D636F /* System.swift in Sources */ = {isa = PBXBuildFile; fileRef = C9C0FC412046F528002D636F /* System.swift */; };
		C9C0FC44204858E7002D636F /* Extension+Date.swift in Sources */ = {isa = PBXBuildFile; fileRef = C9C0FC43204858E7002D636F /* Extension+Date.swift */; };
		C9C0FC4620494AD3002D636F /* StorageManager.swift in Sources */ = {isa = PBXBuildFile; fileRef = C9C0FC4520494AD2002D636F /* StorageManager.swift */; };
		C9C0FC48204CF73F002D636F /* DataSerializer.swift in Sources */ = {isa = PBXBuildFile; fileRef = C9C0FC47204CF73F002D636F /* DataSerializer.swift */; };
		C9C0FC49204D05B2002D636F /* DataSerializer.swift in Sources */ = {isa = PBXBuildFile; fileRef = C9C0FC47204CF73F002D636F /* DataSerializer.swift */; };
		C9C0FC4A204D119D002D636F /* CurrentWeather.swift in Sources */ = {isa = PBXBuildFile; fileRef = C90A7C5D203CACC700B8DD95 /* CurrentWeather.swift */; };
		C9C0FC4B204D11A3002D636F /* System.swift in Sources */ = {isa = PBXBuildFile; fileRef = C9C0FC412046F528002D636F /* System.swift */; };
		C9C0FC4D204D295E002D636F /* Coordinate.swift in Sources */ = {isa = PBXBuildFile; fileRef = C9C0FC4C204D295E002D636F /* Coordinate.swift */; };
		C9C0FC4E204D2A13002D636F /* Coordinate.swift in Sources */ = {isa = PBXBuildFile; fileRef = C9C0FC4C204D295E002D636F /* Coordinate.swift */; };
		C9C0FC77205029B9002D636F /* ForecastStore.swift in Sources */ = {isa = PBXBuildFile; fileRef = C9C0FC76205029B9002D636F /* ForecastStore.swift */; };
		C9C0FC7820503994002D636F /* Extension+Date.swift in Sources */ = {isa = PBXBuildFile; fileRef = C9C0FC43204858E7002D636F /* Extension+Date.swift */; };
		C9CEE3BC208701FD00F04999 /* QueryItem.swift in Sources */ = {isa = PBXBuildFile; fileRef = C9CEE3BB208701FD00F04999 /* QueryItem.swift */; };
		C9CEE3BD2087022D00F04999 /* QueryItem.swift in Sources */ = {isa = PBXBuildFile; fileRef = C9CEE3BB208701FD00F04999 /* QueryItem.swift */; };
		C9E3E81420544FB7004798D9 /* NetworkSpinner.swift in Sources */ = {isa = PBXBuildFile; fileRef = C9E3E81320544FB7004798D9 /* NetworkSpinner.swift */; };
		C9E3E81520545068004798D9 /* NetworkSpinner.swift in Sources */ = {isa = PBXBuildFile; fileRef = C9E3E81320544FB7004798D9 /* NetworkSpinner.swift */; };
		C9E3E817205589F3004798D9 /* ImageCache.swift in Sources */ = {isa = PBXBuildFile; fileRef = C9E3E816205589F3004798D9 /* ImageCache.swift */; };
		C9E3E81820559CEA004798D9 /* ImageCache.swift in Sources */ = {isa = PBXBuildFile; fileRef = C9E3E816205589F3004798D9 /* ImageCache.swift */; };
		C9E3E81A2055A257004798D9 /* ForecastStore.swift in Sources */ = {isa = PBXBuildFile; fileRef = C9C0FC76205029B9002D636F /* ForecastStore.swift */; };
		C9E3E81C2055ABF8004798D9 /* Storable.swift in Sources */ = {isa = PBXBuildFile; fileRef = C9E3E81B2055ABF8004798D9 /* Storable.swift */; };
		C9E3E81D2055AD1B004798D9 /* Storable.swift in Sources */ = {isa = PBXBuildFile; fileRef = C9E3E81B2055ABF8004798D9 /* Storable.swift */; };
		C9E3E81F2055B23E004798D9 /* Checker.swift in Sources */ = {isa = PBXBuildFile; fileRef = C9E3E81E2055B23E004798D9 /* Checker.swift */; };
		C9E3E820205677CE004798D9 /* Checker.swift in Sources */ = {isa = PBXBuildFile; fileRef = C9E3E81E2055B23E004798D9 /* Checker.swift */; };
		C9E3E82320570F3F004798D9 /* SunInfoCell.swift in Sources */ = {isa = PBXBuildFile; fileRef = C9E3E82120570F3F004798D9 /* SunInfoCell.swift */; };
		C9E3E82420570F3F004798D9 /* SunInfoCell.xib in Resources */ = {isa = PBXBuildFile; fileRef = C9E3E82220570F3F004798D9 /* SunInfoCell.xib */; };
		C9E3E82620571547004798D9 /* Section.swift in Sources */ = {isa = PBXBuildFile; fileRef = C9E3E82520571547004798D9 /* Section.swift */; };
		C9E6012D20694CDA0085378C /* Presentable.swift in Sources */ = {isa = PBXBuildFile; fileRef = C9E6012C20694CDA0085378C /* Presentable.swift */; };
		C9E60132206A46EA0085378C /* Extension+Error.swift in Sources */ = {isa = PBXBuildFile; fileRef = C9E60131206A46EA0085378C /* Extension+Error.swift */; };
		C9E60134206BE2070085378C /* Extension+Notification.swift in Sources */ = {isa = PBXBuildFile; fileRef = C9E60133206BE2060085378C /* Extension+Notification.swift */; };
		C9E60136206C064C0085378C /* Clock.swift in Sources */ = {isa = PBXBuildFile; fileRef = C9E60135206C064C0085378C /* Clock.swift */; };
		C9E6017E207481A20085378C /* Wind.swift in Sources */ = {isa = PBXBuildFile; fileRef = C9E6017D207481A00085378C /* Wind.swift */; };
		C9E601802074835A0085378C /* Clouds.swift in Sources */ = {isa = PBXBuildFile; fileRef = C9E6017F207483590085378C /* Clouds.swift */; };
		C9E60182207483F50085378C /* Rain.swift in Sources */ = {isa = PBXBuildFile; fileRef = C9E60181207483F50085378C /* Rain.swift */; };
		C9E60184207485420085378C /* Snow.swift in Sources */ = {isa = PBXBuildFile; fileRef = C9E60183207485420085378C /* Snow.swift */; };
		C9E601852074862F0085378C /* Wind.swift in Sources */ = {isa = PBXBuildFile; fileRef = C9E6017D207481A00085378C /* Wind.swift */; };
		C9E60186207486330085378C /* Clouds.swift in Sources */ = {isa = PBXBuildFile; fileRef = C9E6017F207483590085378C /* Clouds.swift */; };
		C9E60187207486360085378C /* Rain.swift in Sources */ = {isa = PBXBuildFile; fileRef = C9E60181207483F50085378C /* Rain.swift */; };
		C9E60188207486390085378C /* Snow.swift in Sources */ = {isa = PBXBuildFile; fileRef = C9E60183207485420085378C /* Snow.swift */; };
		C9E6018A2074FDCB0085378C /* Address.swift in Sources */ = {isa = PBXBuildFile; fileRef = C9E601892074FDC90085378C /* Address.swift */; };
		C9E6018B2074FFB00085378C /* Address.swift in Sources */ = {isa = PBXBuildFile; fileRef = C9E601892074FDC90085378C /* Address.swift */; };
		C9E6018D20762A960085378C /* FailureResponse.swift in Sources */ = {isa = PBXBuildFile; fileRef = C9E6018C20762A950085378C /* FailureResponse.swift */; };
		C9E6018E20762B100085378C /* FailureResponse.swift in Sources */ = {isa = PBXBuildFile; fileRef = C9E6018C20762A950085378C /* FailureResponse.swift */; };
		C9E60190207675390085378C /* Extension+UIView.swift in Sources */ = {isa = PBXBuildFile; fileRef = C9E6018F207675380085378C /* Extension+UIView.swift */; };
		C9E60192207676C40085378C /* Identifiable.swift in Sources */ = {isa = PBXBuildFile; fileRef = C9E60191207676C40085378C /* Identifiable.swift */; };
		C9E60308207CAEFC0085378C /* CurrentDetailBoxCell.swift in Sources */ = {isa = PBXBuildFile; fileRef = C9E60307207CAEFC0085378C /* CurrentDetailBoxCell.swift */; };
		C9E6030A207CBA550085378C /* CurrentDetailCell.swift in Sources */ = {isa = PBXBuildFile; fileRef = C9E60309207CBA550085378C /* CurrentDetailCell.swift */; };
		C9E6030C207D21D90085378C /* Extension+UIImage.swift in Sources */ = {isa = PBXBuildFile; fileRef = C9E6030B207D21D80085378C /* Extension+UIImage.swift */; };
		C9E6FF9520603FFA0085378C /* LineChartView.swift in Sources */ = {isa = PBXBuildFile; fileRef = C9E6FF9420603FFA0085378C /* LineChartView.swift */; };
		D3D74CABC0D4E91AA5543E51 /* Pods_WeatherForecast.framework in Frameworks */ = {isa = PBXBuildFile; fileRef = 678579E3ECBB50D6A5DCDA07 /* Pods_WeatherForecast.framework */; };
/* End PBXBuildFile section */

/* Begin PBXContainerItemProxy section */
		C90A7C10202AF91600B8DD95 /* PBXContainerItemProxy */ = {
			isa = PBXContainerItemProxy;
			containerPortal = C90A7BF3202AF91600B8DD95 /* Project object */;
			proxyType = 1;
			remoteGlobalIDString = C90A7BFA202AF91600B8DD95;
			remoteInfo = WeatherForecast;
		};
/* End PBXContainerItemProxy section */

/* Begin PBXFileReference section */
		04DC8150F13F70F4B86F539F /* Pods-WeatherForecast.release.xcconfig */ = {isa = PBXFileReference; includeInIndex = 1; lastKnownFileType = text.xcconfig; name = "Pods-WeatherForecast.release.xcconfig"; path = "Pods/Target Support Files/Pods-WeatherForecast/Pods-WeatherForecast.release.xcconfig"; sourceTree = "<group>"; };
		23C23D62DF8F8DA48612FCE2 /* Pods-WeatherForecastTests.release.xcconfig */ = {isa = PBXFileReference; includeInIndex = 1; lastKnownFileType = text.xcconfig; name = "Pods-WeatherForecastTests.release.xcconfig"; path = "Pods/Target Support Files/Pods-WeatherForecastTests/Pods-WeatherForecastTests.release.xcconfig"; sourceTree = "<group>"; };
		5558419799D746EB366866B4 /* Pods-WeatherForecastTests.debug.xcconfig */ = {isa = PBXFileReference; includeInIndex = 1; lastKnownFileType = text.xcconfig; name = "Pods-WeatherForecastTests.debug.xcconfig"; path = "Pods/Target Support Files/Pods-WeatherForecastTests/Pods-WeatherForecastTests.debug.xcconfig"; sourceTree = "<group>"; };
		678579E3ECBB50D6A5DCDA07 /* Pods_WeatherForecast.framework */ = {isa = PBXFileReference; explicitFileType = wrapper.framework; includeInIndex = 0; path = Pods_WeatherForecast.framework; sourceTree = BUILT_PRODUCTS_DIR; };
		6D4C9BFFF889ADCC2D98AF0C /* Pods-WeatherForecast.debug.xcconfig */ = {isa = PBXFileReference; includeInIndex = 1; lastKnownFileType = text.xcconfig; name = "Pods-WeatherForecast.debug.xcconfig"; path = "Pods/Target Support Files/Pods-WeatherForecast/Pods-WeatherForecast.debug.xcconfig"; sourceTree = "<group>"; };
		C90A7BFB202AF91600B8DD95 /* WeatherForecast.app */ = {isa = PBXFileReference; explicitFileType = wrapper.application; includeInIndex = 0; path = WeatherForecast.app; sourceTree = BUILT_PRODUCTS_DIR; };
		C90A7BFE202AF91600B8DD95 /* AppDelegate.swift */ = {isa = PBXFileReference; lastKnownFileType = sourcecode.swift; path = AppDelegate.swift; sourceTree = "<group>"; };
		C90A7C00202AF91600B8DD95 /* WeatherViewController.swift */ = {isa = PBXFileReference; lastKnownFileType = sourcecode.swift; path = WeatherViewController.swift; sourceTree = "<group>"; };
		C90A7C03202AF91600B8DD95 /* Base */ = {isa = PBXFileReference; lastKnownFileType = file.storyboard; name = Base; path = Base.lproj/Main.storyboard; sourceTree = "<group>"; };
		C90A7C05202AF91600B8DD95 /* Assets.xcassets */ = {isa = PBXFileReference; lastKnownFileType = folder.assetcatalog; path = Assets.xcassets; sourceTree = "<group>"; };
		C90A7C08202AF91600B8DD95 /* Base */ = {isa = PBXFileReference; lastKnownFileType = file.storyboard; name = Base; path = Base.lproj/LaunchScreen.storyboard; sourceTree = "<group>"; };
		C90A7C0A202AF91600B8DD95 /* Info.plist */ = {isa = PBXFileReference; lastKnownFileType = text.plist.xml; path = Info.plist; sourceTree = "<group>"; };
		C90A7C0F202AF91600B8DD95 /* WeatherForecastTests.xctest */ = {isa = PBXFileReference; explicitFileType = wrapper.cfbundle; includeInIndex = 0; path = WeatherForecastTests.xctest; sourceTree = BUILT_PRODUCTS_DIR; };
		C90A7C13202AF91600B8DD95 /* WeatherForecastTests.swift */ = {isa = PBXFileReference; lastKnownFileType = sourcecode.swift; path = WeatherForecastTests.swift; sourceTree = "<group>"; };
		C90A7C15202AF91600B8DD95 /* Info.plist */ = {isa = PBXFileReference; lastKnownFileType = text.plist.xml; path = Info.plist; sourceTree = "<group>"; };
		C90A7C1E202AFB2900B8DD95 /* APIConstant.swift */ = {isa = PBXFileReference; lastKnownFileType = sourcecode.swift; path = APIConstant.swift; sourceTree = "<group>"; };
		C90A7C21202B453300B8DD95 /* API.swift */ = {isa = PBXFileReference; lastKnownFileType = sourcecode.swift; path = API.swift; sourceTree = "<group>"; };
		C90A7C24202B603900B8DD95 /* NetworkManager.swift */ = {isa = PBXFileReference; lastKnownFileType = sourcecode.swift; path = NetworkManager.swift; sourceTree = "<group>"; };
		C90A7C2A202C0D1200B8DD95 /* Weather.swift */ = {isa = PBXFileReference; lastKnownFileType = sourcecode.swift; path = Weather.swift; sourceTree = "<group>"; };
		C90A7C2C202C0F0700B8DD95 /* Forecast.swift */ = {isa = PBXFileReference; lastKnownFileType = sourcecode.swift; path = Forecast.swift; sourceTree = "<group>"; };
		C90A7C2E202C11B700B8DD95 /* WeatherDetail.swift */ = {isa = PBXFileReference; lastKnownFileType = sourcecode.swift; path = WeatherDetail.swift; sourceTree = "<group>"; };
		C90A7C30202C122C00B8DD95 /* WeeklyForecast.swift */ = {isa = PBXFileReference; lastKnownFileType = sourcecode.swift; path = WeeklyForecast.swift; sourceTree = "<group>"; };
		C90A7C32202C127100B8DD95 /* City.swift */ = {isa = PBXFileReference; lastKnownFileType = sourcecode.swift; path = City.swift; sourceTree = "<group>"; };
		C90A7C3F202DD28A00B8DD95 /* NetworkManagerTests.swift */ = {isa = PBXFileReference; lastKnownFileType = sourcecode.swift; path = NetworkManagerTests.swift; sourceTree = "<group>"; };
		C90A7C492032BEEC00B8DD95 /* WeatherTableViewCell.swift */ = {isa = PBXFileReference; lastKnownFileType = sourcecode.swift; path = WeatherTableViewCell.swift; sourceTree = "<group>"; };
		C90A7C4F2037111600B8DD95 /* CitySearchController.swift */ = {isa = PBXFileReference; lastKnownFileType = sourcecode.swift; path = CitySearchController.swift; sourceTree = "<group>"; };
		C90A7C51203727D600B8DD95 /* SearchTableViewCell.swift */ = {isa = PBXFileReference; lastKnownFileType = sourcecode.swift; path = SearchTableViewCell.swift; sourceTree = "<group>"; };
		C90A7C55203AE5A000B8DD95 /* Extenstion+Font.swift */ = {isa = PBXFileReference; lastKnownFileType = sourcecode.swift; path = "Extenstion+Font.swift"; sourceTree = "<group>"; };
		C90A7C5B203C088C00B8DD95 /* LocationService.swift */ = {isa = PBXFileReference; lastKnownFileType = sourcecode.swift; path = LocationService.swift; sourceTree = "<group>"; };
		C90A7C5D203CACC700B8DD95 /* CurrentWeather.swift */ = {isa = PBXFileReference; lastKnownFileType = sourcecode.swift; path = CurrentWeather.swift; sourceTree = "<group>"; };
		C90A7C61203DC8CC00B8DD95 /* History.swift */ = {isa = PBXFileReference; lastKnownFileType = sourcecode.swift; path = History.swift; sourceTree = "<group>"; };
		C90A7C63203ED2B900B8DD95 /* WeatherDetailViewController.swift */ = {isa = PBXFileReference; lastKnownFileType = sourcecode.swift; path = WeatherDetailViewController.swift; sourceTree = "<group>"; };
		C90A7CA8203FF5CB00B8DD95 /* WeatherDetailContainerViewController.swift */ = {isa = PBXFileReference; lastKnownFileType = sourcecode.swift; path = WeatherDetailContainerViewController.swift; sourceTree = "<group>"; };
		C91780F72093A3340018DCDD /* SegmentedSwitch.swift */ = {isa = PBXFileReference; lastKnownFileType = sourcecode.swift; path = SegmentedSwitch.swift; sourceTree = "<group>"; };
		C91780F92093A3600018DCDD /* SegmentedView.swift */ = {isa = PBXFileReference; lastKnownFileType = sourcecode.swift; path = SegmentedView.swift; sourceTree = "<group>"; };
		C91FA1FC208D8959003855D6 /* MenuViewController.swift */ = {isa = PBXFileReference; lastKnownFileType = sourcecode.swift; path = MenuViewController.swift; sourceTree = "<group>"; };
		C91FA202208F9CE7003855D6 /* SectionHeaderView.xib */ = {isa = PBXFileReference; lastKnownFileType = file.xib; path = SectionHeaderView.xib; sourceTree = "<group>"; };
		C91FA204208F9D22003855D6 /* SectionHeaderView.swift */ = {isa = PBXFileReference; lastKnownFileType = sourcecode.swift; path = SectionHeaderView.swift; sourceTree = "<group>"; };
		C933197220585C4100F9447F /* WeatherDetailCell.swift */ = {isa = PBXFileReference; lastKnownFileType = sourcecode.swift; path = WeatherDetailCell.swift; sourceTree = "<group>"; };
		C933197320585C4100F9447F /* WeatherDetailCell.xib */ = {isa = PBXFileReference; lastKnownFileType = file.xib; path = WeatherDetailCell.xib; sourceTree = "<group>"; };
		C93FC068205AA9A800FDD145 /* ContentsCell.swift */ = {isa = PBXFileReference; lastKnownFileType = sourcecode.swift; path = ContentsCell.swift; sourceTree = "<group>"; };
		C942A9752080DB3200C32D1F /* CloudyView.swift */ = {isa = PBXFileReference; lastKnownFileType = sourcecode.swift; path = CloudyView.swift; sourceTree = "<group>"; };
		C942A99B208283BF00C32D1F /* RainyView.swift */ = {isa = PBXFileReference; lastKnownFileType = sourcecode.swift; path = RainyView.swift; sourceTree = "<group>"; };
		C942A99D2083C0EE00C32D1F /* FlexibleCell.swift */ = {isa = PBXFileReference; lastKnownFileType = sourcecode.swift; path = FlexibleCell.swift; sourceTree = "<group>"; };
		C942A99F2083D09E00C32D1F /* AvailableFlexibleCells.swift */ = {isa = PBXFileReference; lastKnownFileType = sourcecode.swift; path = AvailableFlexibleCells.swift; sourceTree = "<group>"; };
		C95645772086700C00D92EDB /* FlickerJSON.swift */ = {isa = PBXFileReference; lastKnownFileType = sourcecode.swift; path = FlickerJSON.swift; sourceTree = "<group>"; };
		C9775D442094F4CA003548EA /* OptionSwitchCell.swift */ = {isa = PBXFileReference; lastKnownFileType = sourcecode.swift; path = OptionSwitchCell.swift; sourceTree = "<group>"; };
		C9A46DF92090F106009BE658 /* SettingTransitionManager.swift */ = {isa = PBXFileReference; lastKnownFileType = sourcecode.swift; path = SettingTransitionManager.swift; sourceTree = "<group>"; };
		C9A621592088880500FE8AFB /* Photos.swift */ = {isa = PBXFileReference; lastKnownFileType = sourcecode.swift; path = Photos.swift; sourceTree = "<group>"; };
		C9A6215B2088881A00FE8AFB /* Photo.swift */ = {isa = PBXFileReference; lastKnownFileType = sourcecode.swift; path = Photo.swift; sourceTree = "<group>"; };
		C9A6215F2089804B00FE8AFB /* Extension+Float.swift */ = {isa = PBXFileReference; lastKnownFileType = sourcecode.swift; path = "Extension+Float.swift"; sourceTree = "<group>"; };
		C9A621622089809A00FE8AFB /* FloatExtensionTests.swift */ = {isa = PBXFileReference; lastKnownFileType = sourcecode.swift; path = FloatExtensionTests.swift; sourceTree = "<group>"; };
		C9A621642089E74800FE8AFB /* Action.swift */ = {isa = PBXFileReference; lastKnownFileType = sourcecode.swift; path = Action.swift; sourceTree = "<group>"; };
		C9AB5EBA2090E432005729C8 /* SettingViewController.swift */ = {isa = PBXFileReference; lastKnownFileType = sourcecode.swift; path = SettingViewController.swift; sourceTree = "<group>"; };
		C9C0FC14204333FC002D636F /* HourWeatherCell.swift */ = {isa = PBXFileReference; lastKnownFileType = sourcecode.swift; path = HourWeatherCell.swift; sourceTree = "<group>"; };
		C9C0FC16204334C9002D636F /* TodayWeatherCell.swift */ = {isa = PBXFileReference; lastKnownFileType = sourcecode.swift; path = TodayWeatherCell.swift; sourceTree = "<group>"; };
		C9C0FC412046F528002D636F /* System.swift */ = {isa = PBXFileReference; lastKnownFileType = sourcecode.swift; path = System.swift; sourceTree = "<group>"; };
		C9C0FC43204858E7002D636F /* Extension+Date.swift */ = {isa = PBXFileReference; lastKnownFileType = sourcecode.swift; path = "Extension+Date.swift"; sourceTree = "<group>"; };
		C9C0FC4520494AD2002D636F /* StorageManager.swift */ = {isa = PBXFileReference; lastKnownFileType = sourcecode.swift; path = StorageManager.swift; sourceTree = "<group>"; };
		C9C0FC47204CF73F002D636F /* DataSerializer.swift */ = {isa = PBXFileReference; lastKnownFileType = sourcecode.swift; path = DataSerializer.swift; sourceTree = "<group>"; };
		C9C0FC4C204D295E002D636F /* Coordinate.swift */ = {isa = PBXFileReference; lastKnownFileType = sourcecode.swift; path = Coordinate.swift; sourceTree = "<group>"; };
		C9C0FC76205029B9002D636F /* ForecastStore.swift */ = {isa = PBXFileReference; lastKnownFileType = sourcecode.swift; path = ForecastStore.swift; sourceTree = "<group>"; };
		C9CEE3BB208701FD00F04999 /* QueryItem.swift */ = {isa = PBXFileReference; lastKnownFileType = sourcecode.swift; path = QueryItem.swift; sourceTree = "<group>"; };
		C9E3E81320544FB7004798D9 /* NetworkSpinner.swift */ = {isa = PBXFileReference; lastKnownFileType = sourcecode.swift; path = NetworkSpinner.swift; sourceTree = "<group>"; };
		C9E3E816205589F3004798D9 /* ImageCache.swift */ = {isa = PBXFileReference; lastKnownFileType = sourcecode.swift; path = ImageCache.swift; sourceTree = "<group>"; };
		C9E3E81B2055ABF8004798D9 /* Storable.swift */ = {isa = PBXFileReference; lastKnownFileType = sourcecode.swift; path = Storable.swift; sourceTree = "<group>"; };
		C9E3E81E2055B23E004798D9 /* Checker.swift */ = {isa = PBXFileReference; lastKnownFileType = sourcecode.swift; path = Checker.swift; sourceTree = "<group>"; };
		C9E3E82120570F3F004798D9 /* SunInfoCell.swift */ = {isa = PBXFileReference; lastKnownFileType = sourcecode.swift; path = SunInfoCell.swift; sourceTree = "<group>"; };
		C9E3E82220570F3F004798D9 /* SunInfoCell.xib */ = {isa = PBXFileReference; lastKnownFileType = file.xib; path = SunInfoCell.xib; sourceTree = "<group>"; };
		C9E3E82520571547004798D9 /* Section.swift */ = {isa = PBXFileReference; lastKnownFileType = sourcecode.swift; path = Section.swift; sourceTree = "<group>"; };
		C9E6012C20694CDA0085378C /* Presentable.swift */ = {isa = PBXFileReference; lastKnownFileType = sourcecode.swift; path = Presentable.swift; sourceTree = "<group>"; };
		C9E60131206A46EA0085378C /* Extension+Error.swift */ = {isa = PBXFileReference; lastKnownFileType = sourcecode.swift; path = "Extension+Error.swift"; sourceTree = "<group>"; };
		C9E60133206BE2060085378C /* Extension+Notification.swift */ = {isa = PBXFileReference; lastKnownFileType = sourcecode.swift; path = "Extension+Notification.swift"; sourceTree = "<group>"; };
		C9E60135206C064C0085378C /* Clock.swift */ = {isa = PBXFileReference; lastKnownFileType = sourcecode.swift; path = Clock.swift; sourceTree = "<group>"; };
		C9E6017D207481A00085378C /* Wind.swift */ = {isa = PBXFileReference; lastKnownFileType = sourcecode.swift; path = Wind.swift; sourceTree = "<group>"; };
		C9E6017F207483590085378C /* Clouds.swift */ = {isa = PBXFileReference; lastKnownFileType = sourcecode.swift; path = Clouds.swift; sourceTree = "<group>"; };
		C9E60181207483F50085378C /* Rain.swift */ = {isa = PBXFileReference; lastKnownFileType = sourcecode.swift; path = Rain.swift; sourceTree = "<group>"; };
		C9E60183207485420085378C /* Snow.swift */ = {isa = PBXFileReference; lastKnownFileType = sourcecode.swift; path = Snow.swift; sourceTree = "<group>"; };
		C9E601892074FDC90085378C /* Address.swift */ = {isa = PBXFileReference; lastKnownFileType = sourcecode.swift; path = Address.swift; sourceTree = "<group>"; };
		C9E6018C20762A950085378C /* FailureResponse.swift */ = {isa = PBXFileReference; lastKnownFileType = sourcecode.swift; path = FailureResponse.swift; sourceTree = "<group>"; };
		C9E6018F207675380085378C /* Extension+UIView.swift */ = {isa = PBXFileReference; lastKnownFileType = sourcecode.swift; path = "Extension+UIView.swift"; sourceTree = "<group>"; };
		C9E60191207676C40085378C /* Identifiable.swift */ = {isa = PBXFileReference; lastKnownFileType = sourcecode.swift; path = Identifiable.swift; sourceTree = "<group>"; };
		C9E60307207CAEFC0085378C /* CurrentDetailBoxCell.swift */ = {isa = PBXFileReference; lastKnownFileType = sourcecode.swift; path = CurrentDetailBoxCell.swift; sourceTree = "<group>"; };
		C9E60309207CBA550085378C /* CurrentDetailCell.swift */ = {isa = PBXFileReference; lastKnownFileType = sourcecode.swift; path = CurrentDetailCell.swift; sourceTree = "<group>"; };
		C9E6030B207D21D80085378C /* Extension+UIImage.swift */ = {isa = PBXFileReference; lastKnownFileType = sourcecode.swift; path = "Extension+UIImage.swift"; sourceTree = "<group>"; };
		C9E6FF9420603FFA0085378C /* LineChartView.swift */ = {isa = PBXFileReference; lastKnownFileType = sourcecode.swift; path = LineChartView.swift; sourceTree = "<group>"; };
		EF35C21776787B24FF92741C /* Pods_WeatherForecastTests.framework */ = {isa = PBXFileReference; explicitFileType = wrapper.framework; includeInIndex = 0; path = Pods_WeatherForecastTests.framework; sourceTree = BUILT_PRODUCTS_DIR; };
/* End PBXFileReference section */

/* Begin PBXFrameworksBuildPhase section */
		C90A7BF8202AF91600B8DD95 /* Frameworks */ = {
			isa = PBXFrameworksBuildPhase;
			buildActionMask = 2147483647;
			files = (
				D3D74CABC0D4E91AA5543E51 /* Pods_WeatherForecast.framework in Frameworks */,
			);
			runOnlyForDeploymentPostprocessing = 0;
		};
		C90A7C0C202AF91600B8DD95 /* Frameworks */ = {
			isa = PBXFrameworksBuildPhase;
			buildActionMask = 2147483647;
			files = (
				48AD0081BD6C4D1E68969B1E /* Pods_WeatherForecastTests.framework in Frameworks */,
			);
			runOnlyForDeploymentPostprocessing = 0;
		};
/* End PBXFrameworksBuildPhase section */

/* Begin PBXGroup section */
		8A26F177D18153D8BEAF985F /* Frameworks */ = {
			isa = PBXGroup;
			children = (
				678579E3ECBB50D6A5DCDA07 /* Pods_WeatherForecast.framework */,
				EF35C21776787B24FF92741C /* Pods_WeatherForecastTests.framework */,
			);
			name = Frameworks;
			sourceTree = "<group>";
		};
		C88F19188AA1F52D4A466DB0 /* Pods */ = {
			isa = PBXGroup;
			children = (
				6D4C9BFFF889ADCC2D98AF0C /* Pods-WeatherForecast.debug.xcconfig */,
				04DC8150F13F70F4B86F539F /* Pods-WeatherForecast.release.xcconfig */,
				5558419799D746EB366866B4 /* Pods-WeatherForecastTests.debug.xcconfig */,
				23C23D62DF8F8DA48612FCE2 /* Pods-WeatherForecastTests.release.xcconfig */,
			);
			name = Pods;
			sourceTree = "<group>";
		};
		C90A7BF2202AF91600B8DD95 = {
			isa = PBXGroup;
			children = (
				C90A7BFD202AF91600B8DD95 /* WeatherForecast */,
				C90A7C12202AF91600B8DD95 /* WeatherForecastTests */,
				C90A7BFC202AF91600B8DD95 /* Products */,
				C88F19188AA1F52D4A466DB0 /* Pods */,
				8A26F177D18153D8BEAF985F /* Frameworks */,
			);
			sourceTree = "<group>";
		};
		C90A7BFC202AF91600B8DD95 /* Products */ = {
			isa = PBXGroup;
			children = (
				C90A7BFB202AF91600B8DD95 /* WeatherForecast.app */,
				C90A7C0F202AF91600B8DD95 /* WeatherForecastTests.xctest */,
			);
			name = Products;
			sourceTree = "<group>";
		};
		C90A7BFD202AF91600B8DD95 /* WeatherForecast */ = {
			isa = PBXGroup;
			children = (
				C9E6012B20694CBB0085378C /* Protocol */,
				C90A7C67203EF93400B8DD95 /* Controller */,
				C90A7C482032BEA900B8DD95 /* View */,
				C90A7C422031C5C200B8DD95 /* Utility */,
				C90A7C3E202DC29200B8DD95 /* Helper */,
				C90A7C20202B44BC00B8DD95 /* Model */,
				C90A7BFE202AF91600B8DD95 /* AppDelegate.swift */,
				C90A7C02202AF91600B8DD95 /* Main.storyboard */,
				C90A7C05202AF91600B8DD95 /* Assets.xcassets */,
				C90A7C07202AF91600B8DD95 /* LaunchScreen.storyboard */,
				C90A7C0A202AF91600B8DD95 /* Info.plist */,
				C90A7C1E202AFB2900B8DD95 /* APIConstant.swift */,
			);
			path = WeatherForecast;
			sourceTree = "<group>";
		};
		C90A7C12202AF91600B8DD95 /* WeatherForecastTests */ = {
			isa = PBXGroup;
			children = (
				C90A7C13202AF91600B8DD95 /* WeatherForecastTests.swift */,
				C90A7C3F202DD28A00B8DD95 /* NetworkManagerTests.swift */,
				C9A621622089809A00FE8AFB /* FloatExtensionTests.swift */,
				C90A7C15202AF91600B8DD95 /* Info.plist */,
			);
			path = WeatherForecastTests;
			sourceTree = "<group>";
		};
		C90A7C20202B44BC00B8DD95 /* Model */ = {
			isa = PBXGroup;
			children = (
				C9A621582088830200FE8AFB /* OpenWeatherMap */,
				C956457620866FDF00D92EDB /* Flicker */,
				C9C0FC76205029B9002D636F /* ForecastStore.swift */,
				C9E601892074FDC90085378C /* Address.swift */,
				C90A7C61203DC8CC00B8DD95 /* History.swift */,
				C9E3E82520571547004798D9 /* Section.swift */,
				C9E60135206C064C0085378C /* Clock.swift */,
				C9A621642089E74800FE8AFB /* Action.swift */,
			);
			path = Model;
			sourceTree = "<group>";
		};
		C90A7C3E202DC29200B8DD95 /* Helper */ = {
			isa = PBXGroup;
			children = (
				C90A7C21202B453300B8DD95 /* API.swift */,
				C9CEE3BB208701FD00F04999 /* QueryItem.swift */,
				C90A7C24202B603900B8DD95 /* NetworkManager.swift */,
				C9E3E81E2055B23E004798D9 /* Checker.swift */,
				C9E6018C20762A950085378C /* FailureResponse.swift */,
				C90A7C5B203C088C00B8DD95 /* LocationService.swift */,
				C9C0FC47204CF73F002D636F /* DataSerializer.swift */,
				C9C0FC4520494AD2002D636F /* StorageManager.swift */,
				C9E3E816205589F3004798D9 /* ImageCache.swift */,
				C9E3E81320544FB7004798D9 /* NetworkSpinner.swift */,
				C9A46DF92090F106009BE658 /* SettingTransitionManager.swift */,
			);
			path = Helper;
			sourceTree = "<group>";
		};
		C90A7C422031C5C200B8DD95 /* Utility */ = {
			isa = PBXGroup;
			children = (
				C90A7C55203AE5A000B8DD95 /* Extenstion+Font.swift */,
				C9C0FC43204858E7002D636F /* Extension+Date.swift */,
				C9A6215F2089804B00FE8AFB /* Extension+Float.swift */,
				C9E60131206A46EA0085378C /* Extension+Error.swift */,
				C9E60133206BE2060085378C /* Extension+Notification.swift */,
				C9E6018F207675380085378C /* Extension+UIView.swift */,
				C9E6030B207D21D80085378C /* Extension+UIImage.swift */,
			);
			path = Utility;
			sourceTree = "<group>";
		};
		C90A7C482032BEA900B8DD95 /* View */ = {
			isa = PBXGroup;
			children = (
				C942A9742080DB0000C32D1F /* WeatherView */,
				C9DEE190205A3F6100EEA92E /* XIB */,
				C90A7C492032BEEC00B8DD95 /* WeatherTableViewCell.swift */,
				C90A7C51203727D600B8DD95 /* SearchTableViewCell.swift */,
				C9C0FC16204334C9002D636F /* TodayWeatherCell.swift */,
				C9C0FC14204333FC002D636F /* HourWeatherCell.swift */,
				C93FC068205AA9A800FDD145 /* ContentsCell.swift */,
				C9E60307207CAEFC0085378C /* CurrentDetailBoxCell.swift */,
				C9E60309207CBA550085378C /* CurrentDetailCell.swift */,
				C9775D442094F4CA003548EA /* OptionSwitchCell.swift */,
				C9E6FF9420603FFA0085378C /* LineChartView.swift */,
				C942A99D2083C0EE00C32D1F /* FlexibleCell.swift */,
				C91780F72093A3340018DCDD /* SegmentedSwitch.swift */,
				C91780F92093A3600018DCDD /* SegmentedView.swift */,
			);
			path = View;
			sourceTree = "<group>";
		};
		C90A7C67203EF93400B8DD95 /* Controller */ = {
			isa = PBXGroup;
			children = (
				C90A7C00202AF91600B8DD95 /* WeatherViewController.swift */,
				C9AB5EBA2090E432005729C8 /* SettingViewController.swift */,
				C90A7C63203ED2B900B8DD95 /* WeatherDetailViewController.swift */,
				C90A7CA8203FF5CB00B8DD95 /* WeatherDetailContainerViewController.swift */,
				C91FA1FC208D8959003855D6 /* MenuViewController.swift */,
				C90A7C4F2037111600B8DD95 /* CitySearchController.swift */,
			);
			path = Controller;
			sourceTree = "<group>";
		};
		C942A9742080DB0000C32D1F /* WeatherView */ = {
			isa = PBXGroup;
			children = (
				C942A9752080DB3200C32D1F /* CloudyView.swift */,
				C942A99B208283BF00C32D1F /* RainyView.swift */,
			);
			path = WeatherView;
			sourceTree = "<group>";
		};
		C956457620866FDF00D92EDB /* Flicker */ = {
			isa = PBXGroup;
			children = (
				C95645772086700C00D92EDB /* FlickerJSON.swift */,
				C9A621592088880500FE8AFB /* Photos.swift */,
				C9A6215B2088881A00FE8AFB /* Photo.swift */,
			);
			path = Flicker;
			sourceTree = "<group>";
		};
		C9A621582088830200FE8AFB /* OpenWeatherMap */ = {
			isa = PBXGroup;
			children = (
				C90A7C30202C122C00B8DD95 /* WeeklyForecast.swift */,
				C90A7C2A202C0D1200B8DD95 /* Weather.swift */,
				C90A7C2E202C11B700B8DD95 /* WeatherDetail.swift */,
				C90A7C32202C127100B8DD95 /* City.swift */,
				C90A7C2C202C0F0700B8DD95 /* Forecast.swift */,
				C90A7C5D203CACC700B8DD95 /* CurrentWeather.swift */,
				C9C0FC412046F528002D636F /* System.swift */,
				C9E6017D207481A00085378C /* Wind.swift */,
				C9E6017F207483590085378C /* Clouds.swift */,
				C9E60181207483F50085378C /* Rain.swift */,
				C9E60183207485420085378C /* Snow.swift */,
				C9C0FC4C204D295E002D636F /* Coordinate.swift */,
			);
			path = OpenWeatherMap;
			sourceTree = "<group>";
		};
		C9DEE190205A3F6100EEA92E /* XIB */ = {
			isa = PBXGroup;
			children = (
				C933197220585C4100F9447F /* WeatherDetailCell.swift */,
				C933197320585C4100F9447F /* WeatherDetailCell.xib */,
				C9E3E82120570F3F004798D9 /* SunInfoCell.swift */,
				C9E3E82220570F3F004798D9 /* SunInfoCell.xib */,
				C91FA202208F9CE7003855D6 /* SectionHeaderView.xib */,
				C91FA204208F9D22003855D6 /* SectionHeaderView.swift */,
			);
			path = XIB;
			sourceTree = "<group>";
		};
		C9E6012B20694CBB0085378C /* Protocol */ = {
			isa = PBXGroup;
			children = (
				C9E6012C20694CDA0085378C /* Presentable.swift */,
				C9E60191207676C40085378C /* Identifiable.swift */,
				C942A99F2083D09E00C32D1F /* AvailableFlexibleCells.swift */,
				C9E3E81B2055ABF8004798D9 /* Storable.swift */,
			);
			path = Protocol;
			sourceTree = "<group>";
		};
/* End PBXGroup section */

/* Begin PBXNativeTarget section */
		C90A7BFA202AF91600B8DD95 /* WeatherForecast */ = {
			isa = PBXNativeTarget;
			buildConfigurationList = C90A7C18202AF91600B8DD95 /* Build configuration list for PBXNativeTarget "WeatherForecast" */;
			buildPhases = (
				9AD1B51DBBCC43EC271E8602 /* [CP] Check Pods Manifest.lock */,
				C90A7BF7202AF91600B8DD95 /* Sources */,
				C90A7BF8202AF91600B8DD95 /* Frameworks */,
				C90A7BF9202AF91600B8DD95 /* Resources */,
				11ABFEA8BBE2C824D2FE3F0F /* [CP] Embed Pods Frameworks */,
				C4A78288C8346323808DE92D /* [CP] Copy Pods Resources */,
				C90A7C452031FEAA00B8DD95 /* ShellScript */,
			);
			buildRules = (
			);
			dependencies = (
			);
			name = WeatherForecast;
			productName = WeatherForecast;
			productReference = C90A7BFB202AF91600B8DD95 /* WeatherForecast.app */;
			productType = "com.apple.product-type.application";
		};
		C90A7C0E202AF91600B8DD95 /* WeatherForecastTests */ = {
			isa = PBXNativeTarget;
			buildConfigurationList = C90A7C1B202AF91600B8DD95 /* Build configuration list for PBXNativeTarget "WeatherForecastTests" */;
			buildPhases = (
				DC9635C2DA0DE6ACA6A791BE /* [CP] Check Pods Manifest.lock */,
				C90A7C0B202AF91600B8DD95 /* Sources */,
				C90A7C0C202AF91600B8DD95 /* Frameworks */,
				C90A7C0D202AF91600B8DD95 /* Resources */,
				8147829D0F68C9218F0AEBA0 /* [CP] Embed Pods Frameworks */,
				8B28FA937D13AA7B172A7FA8 /* [CP] Copy Pods Resources */,
			);
			buildRules = (
			);
			dependencies = (
				C90A7C11202AF91600B8DD95 /* PBXTargetDependency */,
			);
			name = WeatherForecastTests;
			productName = WeatherForecastTests;
			productReference = C90A7C0F202AF91600B8DD95 /* WeatherForecastTests.xctest */;
			productType = "com.apple.product-type.bundle.unit-test";
		};
/* End PBXNativeTarget section */

/* Begin PBXProject section */
		C90A7BF3202AF91600B8DD95 /* Project object */ = {
			isa = PBXProject;
			attributes = {
				LastSwiftUpdateCheck = 0920;
				LastUpgradeCheck = 0920;
				ORGANIZATIONNAME = "yang hee jung";
				TargetAttributes = {
					C90A7BFA202AF91600B8DD95 = {
						CreatedOnToolsVersion = 9.2;
						ProvisioningStyle = Automatic;
					};
					C90A7C0E202AF91600B8DD95 = {
						CreatedOnToolsVersion = 9.2;
						ProvisioningStyle = Automatic;
						TestTargetID = C90A7BFA202AF91600B8DD95;
					};
				};
			};
			buildConfigurationList = C90A7BF6202AF91600B8DD95 /* Build configuration list for PBXProject "WeatherForecast" */;
			compatibilityVersion = "Xcode 8.0";
			developmentRegion = en;
			hasScannedForEncodings = 0;
			knownRegions = (
				en,
				Base,
			);
			mainGroup = C90A7BF2202AF91600B8DD95;
			productRefGroup = C90A7BFC202AF91600B8DD95 /* Products */;
			projectDirPath = "";
			projectRoot = "";
			targets = (
				C90A7BFA202AF91600B8DD95 /* WeatherForecast */,
				C90A7C0E202AF91600B8DD95 /* WeatherForecastTests */,
			);
		};
/* End PBXProject section */

/* Begin PBXResourcesBuildPhase section */
		C90A7BF9202AF91600B8DD95 /* Resources */ = {
			isa = PBXResourcesBuildPhase;
			buildActionMask = 2147483647;
			files = (
				C933197520585C4100F9447F /* WeatherDetailCell.xib in Resources */,
				C91FA203208F9CE7003855D6 /* SectionHeaderView.xib in Resources */,
				C90A7C09202AF91600B8DD95 /* LaunchScreen.storyboard in Resources */,
				C90A7C06202AF91600B8DD95 /* Assets.xcassets in Resources */,
				C9E3E82420570F3F004798D9 /* SunInfoCell.xib in Resources */,
				C90A7C04202AF91600B8DD95 /* Main.storyboard in Resources */,
			);
			runOnlyForDeploymentPostprocessing = 0;
		};
		C90A7C0D202AF91600B8DD95 /* Resources */ = {
			isa = PBXResourcesBuildPhase;
			buildActionMask = 2147483647;
			files = (
			);
			runOnlyForDeploymentPostprocessing = 0;
		};
/* End PBXResourcesBuildPhase section */

/* Begin PBXShellScriptBuildPhase section */
		11ABFEA8BBE2C824D2FE3F0F /* [CP] Embed Pods Frameworks */ = {
			isa = PBXShellScriptBuildPhase;
			buildActionMask = 2147483647;
			files = (
			);
			inputPaths = (
				"${SRCROOT}/Pods/Target Support Files/Pods-WeatherForecast/Pods-WeatherForecast-frameworks.sh",
				"${BUILT_PRODUCTS_DIR}/SwiftMessages/SwiftMessages.framework",
			);
			name = "[CP] Embed Pods Frameworks";
			outputPaths = (
				"${TARGET_BUILD_DIR}/${FRAMEWORKS_FOLDER_PATH}/SwiftMessages.framework",
			);
			runOnlyForDeploymentPostprocessing = 0;
			shellPath = /bin/sh;
			shellScript = "\"${SRCROOT}/Pods/Target Support Files/Pods-WeatherForecast/Pods-WeatherForecast-frameworks.sh\"\n";
			showEnvVarsInLog = 0;
		};
		8147829D0F68C9218F0AEBA0 /* [CP] Embed Pods Frameworks */ = {
			isa = PBXShellScriptBuildPhase;
			buildActionMask = 2147483647;
			files = (
			);
			inputPaths = (
			);
			name = "[CP] Embed Pods Frameworks";
			outputPaths = (
			);
			runOnlyForDeploymentPostprocessing = 0;
			shellPath = /bin/sh;
			shellScript = "\"${SRCROOT}/Pods/Target Support Files/Pods-WeatherForecastTests/Pods-WeatherForecastTests-frameworks.sh\"\n";
			showEnvVarsInLog = 0;
		};
		8B28FA937D13AA7B172A7FA8 /* [CP] Copy Pods Resources */ = {
			isa = PBXShellScriptBuildPhase;
			buildActionMask = 2147483647;
			files = (
			);
			inputPaths = (
			);
			name = "[CP] Copy Pods Resources";
			outputPaths = (
			);
			runOnlyForDeploymentPostprocessing = 0;
			shellPath = /bin/sh;
			shellScript = "\"${SRCROOT}/Pods/Target Support Files/Pods-WeatherForecastTests/Pods-WeatherForecastTests-resources.sh\"\n";
			showEnvVarsInLog = 0;
		};
		9AD1B51DBBCC43EC271E8602 /* [CP] Check Pods Manifest.lock */ = {
			isa = PBXShellScriptBuildPhase;
			buildActionMask = 2147483647;
			files = (
			);
			inputPaths = (
				"${PODS_PODFILE_DIR_PATH}/Podfile.lock",
				"${PODS_ROOT}/Manifest.lock",
			);
			name = "[CP] Check Pods Manifest.lock";
			outputPaths = (
				"$(DERIVED_FILE_DIR)/Pods-WeatherForecast-checkManifestLockResult.txt",
			);
			runOnlyForDeploymentPostprocessing = 0;
			shellPath = /bin/sh;
			shellScript = "diff \"${PODS_PODFILE_DIR_PATH}/Podfile.lock\" \"${PODS_ROOT}/Manifest.lock\" > /dev/null\nif [ $? != 0 ] ; then\n    # print error to STDERR\n    echo \"error: The sandbox is not in sync with the Podfile.lock. Run 'pod install' or update your CocoaPods installation.\" >&2\n    exit 1\nfi\n# This output is used by Xcode 'outputs' to avoid re-running this script phase.\necho \"SUCCESS\" > \"${SCRIPT_OUTPUT_FILE_0}\"\n";
			showEnvVarsInLog = 0;
		};
		C4A78288C8346323808DE92D /* [CP] Copy Pods Resources */ = {
			isa = PBXShellScriptBuildPhase;
			buildActionMask = 2147483647;
			files = (
			);
			inputPaths = (
			);
			name = "[CP] Copy Pods Resources";
			outputPaths = (
			);
			runOnlyForDeploymentPostprocessing = 0;
			shellPath = /bin/sh;
			shellScript = "\"${SRCROOT}/Pods/Target Support Files/Pods-WeatherForecast/Pods-WeatherForecast-resources.sh\"\n";
			showEnvVarsInLog = 0;
		};
		C90A7C452031FEAA00B8DD95 /* ShellScript */ = {
			isa = PBXShellScriptBuildPhase;
			buildActionMask = 2147483647;
			files = (
			);
			inputPaths = (
			);
			outputPaths = (
			);
			runOnlyForDeploymentPostprocessing = 0;
			shellPath = /bin/sh;
			shellScript = "\"${PODS_ROOT}/SwiftLint/swiftlint\"";
		};
		DC9635C2DA0DE6ACA6A791BE /* [CP] Check Pods Manifest.lock */ = {
			isa = PBXShellScriptBuildPhase;
			buildActionMask = 2147483647;
			files = (
			);
			inputPaths = (
				"${PODS_PODFILE_DIR_PATH}/Podfile.lock",
				"${PODS_ROOT}/Manifest.lock",
			);
			name = "[CP] Check Pods Manifest.lock";
			outputPaths = (
				"$(DERIVED_FILE_DIR)/Pods-WeatherForecastTests-checkManifestLockResult.txt",
			);
			runOnlyForDeploymentPostprocessing = 0;
			shellPath = /bin/sh;
			shellScript = "diff \"${PODS_PODFILE_DIR_PATH}/Podfile.lock\" \"${PODS_ROOT}/Manifest.lock\" > /dev/null\nif [ $? != 0 ] ; then\n    # print error to STDERR\n    echo \"error: The sandbox is not in sync with the Podfile.lock. Run 'pod install' or update your CocoaPods installation.\" >&2\n    exit 1\nfi\n# This output is used by Xcode 'outputs' to avoid re-running this script phase.\necho \"SUCCESS\" > \"${SCRIPT_OUTPUT_FILE_0}\"\n";
			showEnvVarsInLog = 0;
		};
/* End PBXShellScriptBuildPhase section */

/* Begin PBXSourcesBuildPhase section */
		C90A7BF7202AF91600B8DD95 /* Sources */ = {
			isa = PBXSourcesBuildPhase;
			buildActionMask = 2147483647;
			files = (
				C90A7C62203DC8CC00B8DD95 /* History.swift in Sources */,
				C9A621652089E74800FE8AFB /* Action.swift in Sources */,
				C90A7C4A2032BEEC00B8DD95 /* WeatherTableViewCell.swift in Sources */,
				C9E60190207675390085378C /* Extension+UIView.swift in Sources */,
				C9C0FC4D204D295E002D636F /* Coordinate.swift in Sources */,
				C90A7C56203AE5A100B8DD95 /* Extenstion+Font.swift in Sources */,
				C90A7C64203ED2B900B8DD95 /* WeatherDetailViewController.swift in Sources */,
				C942A9A02083D09E00C32D1F /* AvailableFlexibleCells.swift in Sources */,
				C9E60136206C064C0085378C /* Clock.swift in Sources */,
				C933197420585C4100F9447F /* WeatherDetailCell.swift in Sources */,
				C9E3E81C2055ABF8004798D9 /* Storable.swift in Sources */,
				C90A7C01202AF91600B8DD95 /* WeatherViewController.swift in Sources */,
				C90A7C2F202C11B700B8DD95 /* WeatherDetail.swift in Sources */,
				C9E3E82320570F3F004798D9 /* SunInfoCell.swift in Sources */,
				C9CEE3BC208701FD00F04999 /* QueryItem.swift in Sources */,
				C90A7C25202B603900B8DD95 /* NetworkManager.swift in Sources */,
				C9E6FF9520603FFA0085378C /* LineChartView.swift in Sources */,
				C93FC069205AA9A800FDD145 /* ContentsCell.swift in Sources */,
				C9E3E82620571547004798D9 /* Section.swift in Sources */,
				C9AB5EBB2090E432005729C8 /* SettingViewController.swift in Sources */,
				C90A7C502037111700B8DD95 /* CitySearchController.swift in Sources */,
				C9E6018A2074FDCB0085378C /* Address.swift in Sources */,
				C942A9762080DB3300C32D1F /* CloudyView.swift in Sources */,
				C9E6012D20694CDA0085378C /* Presentable.swift in Sources */,
				C90A7C2D202C0F0700B8DD95 /* Forecast.swift in Sources */,
				C9C0FC15204333FC002D636F /* HourWeatherCell.swift in Sources */,
				C9A6215C2088881A00FE8AFB /* Photo.swift in Sources */,
				C9C0FC17204334C9002D636F /* TodayWeatherCell.swift in Sources */,
				C90A7C31202C122C00B8DD95 /* WeeklyForecast.swift in Sources */,
				C90A7C5E203CACC700B8DD95 /* CurrentWeather.swift in Sources */,
				C9E601802074835A0085378C /* Clouds.swift in Sources */,
				C942A99C208283C000C32D1F /* RainyView.swift in Sources */,
				C91FA1FD208D8959003855D6 /* MenuViewController.swift in Sources */,
				C9E6017E207481A20085378C /* Wind.swift in Sources */,
				C90A7C27202B684A00B8DD95 /* API.swift in Sources */,
				C90A7CA9203FF5CB00B8DD95 /* WeatherDetailContainerViewController.swift in Sources */,
				C9E3E81420544FB7004798D9 /* NetworkSpinner.swift in Sources */,
				C90A7C33202C127100B8DD95 /* City.swift in Sources */,
				C90A7C28202B686900B8DD95 /* APIConstant.swift in Sources */,
				C9C0FC77205029B9002D636F /* ForecastStore.swift in Sources */,
				C90A7C2B202C0D1200B8DD95 /* Weather.swift in Sources */,
				C9A6215A2088880500FE8AFB /* Photos.swift in Sources */,
				C9C0FC422046F529002D636F /* System.swift in Sources */,
				C91FA205208F9D22003855D6 /* SectionHeaderView.swift in Sources */,
				C9E60308207CAEFC0085378C /* CurrentDetailBoxCell.swift in Sources */,
				C9E3E81F2055B23E004798D9 /* Checker.swift in Sources */,
				C9E3E817205589F3004798D9 /* ImageCache.swift in Sources */,
				C9C0FC4620494AD3002D636F /* StorageManager.swift in Sources */,
				C91780F82093A3340018DCDD /* SegmentedSwitch.swift in Sources */,
				C9E6030C207D21D90085378C /* Extension+UIImage.swift in Sources */,
				C90A7BFF202AF91600B8DD95 /* AppDelegate.swift in Sources */,
				C9E60132206A46EA0085378C /* Extension+Error.swift in Sources */,
				C90A7C5C203C088D00B8DD95 /* LocationService.swift in Sources */,
				C9E60182207483F50085378C /* Rain.swift in Sources */,
				C95645782086700C00D92EDB /* FlickerJSON.swift in Sources */,
				C9E6018D20762A960085378C /* FailureResponse.swift in Sources */,
				C9E6030A207CBA550085378C /* CurrentDetailCell.swift in Sources */,
				C9E60184207485420085378C /* Snow.swift in Sources */,
				C942A99E2083C0F000C32D1F /* FlexibleCell.swift in Sources */,
				C90A7C52203727D600B8DD95 /* SearchTableViewCell.swift in Sources */,
				C9775D452094F4CA003548EA /* OptionSwitchCell.swift in Sources */,
				C9C0FC44204858E7002D636F /* Extension+Date.swift in Sources */,
				C9E60134206BE2070085378C /* Extension+Notification.swift in Sources */,
				C91780FA2093A3600018DCDD /* SegmentedView.swift in Sources */,
				C9A621602089804C00FE8AFB /* Extension+Float.swift in Sources */,
				C9C0FC48204CF73F002D636F /* DataSerializer.swift in Sources */,
				C9A46DFA2090F106009BE658 /* SettingTransitionManager.swift in Sources */,
				C9E60192207676C40085378C /* Identifiable.swift in Sources */,
			);
			runOnlyForDeploymentPostprocessing = 0;
		};
		C90A7C0B202AF91600B8DD95 /* Sources */ = {
			isa = PBXSourcesBuildPhase;
			buildActionMask = 2147483647;
			files = (
				C90A7C14202AF91600B8DD95 /* WeatherForecastTests.swift in Sources */,
				C9E3E820205677CE004798D9 /* Checker.swift in Sources */,
				C91FA1FF208DF2EA003855D6 /* Extension+Notification.swift in Sources */,
				C9A621632089809A00FE8AFB /* FloatExtensionTests.swift in Sources */,
				C9E601852074862F0085378C /* Wind.swift in Sources */,
				C9E60186207486330085378C /* Clouds.swift in Sources */,
				C9E60188207486390085378C /* Snow.swift in Sources */,
				C9A621612089806A00FE8AFB /* Extension+Float.swift in Sources */,
				C9C0FC4A204D119D002D636F /* CurrentWeather.swift in Sources */,
				C9E3E81820559CEA004798D9 /* ImageCache.swift in Sources */,
				C9E3E81D2055AD1B004798D9 /* Storable.swift in Sources */,
				C90A7C37202D630E00B8DD95 /* NetworkManager.swift in Sources */,
				C9E6018E20762B100085378C /* FailureResponse.swift in Sources */,
				C9E6018B2074FFB00085378C /* Address.swift in Sources */,
				C90A7C3C202D632000B8DD95 /* City.swift in Sources */,
				C90A7C3A202D631A00B8DD95 /* WeatherDetail.swift in Sources */,
				C91FA1FB208CFB4D003855D6 /* Extension+UIImage.swift in Sources */,
				C90A7C3D202D632400B8DD95 /* Forecast.swift in Sources */,
				C90A7C23202B594C00B8DD95 /* API.swift in Sources */,
				C9C0FC4B204D11A3002D636F /* System.swift in Sources */,
				C91FA1FA208CFAD1003855D6 /* Identifiable.swift in Sources */,
				C9A6215E2088886E00FE8AFB /* Photo.swift in Sources */,
				C9E3E81520545068004798D9 /* NetworkSpinner.swift in Sources */,
				C95645792086F6BF00D92EDB /* FlickerJSON.swift in Sources */,
				C9C0FC49204D05B2002D636F /* DataSerializer.swift in Sources */,
				C9CEE3BD2087022D00F04999 /* QueryItem.swift in Sources */,
				C9C0FC7820503994002D636F /* Extension+Date.swift in Sources */,
				C91FA1FE208DAD08003855D6 /* MenuViewController.swift in Sources */,
				C90A7C29202B687700B8DD95 /* APIConstant.swift in Sources */,
				C9A6215D2088886A00FE8AFB /* Photos.swift in Sources */,
				C90A7C39202D631700B8DD95 /* Weather.swift in Sources */,
				C9A621572088644600FE8AFB /* Presentable.swift in Sources */,
				C90A7C40202DD28B00B8DD95 /* NetworkManagerTests.swift in Sources */,
				C9E3E81A2055A257004798D9 /* ForecastStore.swift in Sources */,
				C9A62156208860F900FE8AFB /* LocationService.swift in Sources */,
				C90A7C38202D631500B8DD95 /* WeeklyForecast.swift in Sources */,
				C9E60187207486360085378C /* Rain.swift in Sources */,
				C9C0FC4E204D2A13002D636F /* Coordinate.swift in Sources */,
			);
			runOnlyForDeploymentPostprocessing = 0;
		};
/* End PBXSourcesBuildPhase section */

/* Begin PBXTargetDependency section */
		C90A7C11202AF91600B8DD95 /* PBXTargetDependency */ = {
			isa = PBXTargetDependency;
			target = C90A7BFA202AF91600B8DD95 /* WeatherForecast */;
			targetProxy = C90A7C10202AF91600B8DD95 /* PBXContainerItemProxy */;
		};
/* End PBXTargetDependency section */

/* Begin PBXVariantGroup section */
		C90A7C02202AF91600B8DD95 /* Main.storyboard */ = {
			isa = PBXVariantGroup;
			children = (
				C90A7C03202AF91600B8DD95 /* Base */,
			);
			name = Main.storyboard;
			sourceTree = "<group>";
		};
		C90A7C07202AF91600B8DD95 /* LaunchScreen.storyboard */ = {
			isa = PBXVariantGroup;
			children = (
				C90A7C08202AF91600B8DD95 /* Base */,
			);
			name = LaunchScreen.storyboard;
			sourceTree = "<group>";
		};
/* End PBXVariantGroup section */

/* Begin XCBuildConfiguration section */
		C90A7C16202AF91600B8DD95 /* Debug */ = {
			isa = XCBuildConfiguration;
			buildSettings = {
				ALWAYS_SEARCH_USER_PATHS = NO;
				CLANG_ANALYZER_NONNULL = YES;
				CLANG_ANALYZER_NUMBER_OBJECT_CONVERSION = YES_AGGRESSIVE;
				CLANG_CXX_LANGUAGE_STANDARD = "gnu++14";
				CLANG_CXX_LIBRARY = "libc++";
				CLANG_ENABLE_MODULES = YES;
				CLANG_ENABLE_OBJC_ARC = YES;
				CLANG_WARN_BLOCK_CAPTURE_AUTORELEASING = YES;
				CLANG_WARN_BOOL_CONVERSION = YES;
				CLANG_WARN_COMMA = YES;
				CLANG_WARN_CONSTANT_CONVERSION = YES;
				CLANG_WARN_DIRECT_OBJC_ISA_USAGE = YES_ERROR;
				CLANG_WARN_DOCUMENTATION_COMMENTS = YES;
				CLANG_WARN_EMPTY_BODY = YES;
				CLANG_WARN_ENUM_CONVERSION = YES;
				CLANG_WARN_INFINITE_RECURSION = YES;
				CLANG_WARN_INT_CONVERSION = YES;
				CLANG_WARN_NON_LITERAL_NULL_CONVERSION = YES;
				CLANG_WARN_OBJC_LITERAL_CONVERSION = YES;
				CLANG_WARN_OBJC_ROOT_CLASS = YES_ERROR;
				CLANG_WARN_RANGE_LOOP_ANALYSIS = YES;
				CLANG_WARN_STRICT_PROTOTYPES = YES;
				CLANG_WARN_SUSPICIOUS_MOVE = YES;
				CLANG_WARN_UNGUARDED_AVAILABILITY = YES_AGGRESSIVE;
				CLANG_WARN_UNREACHABLE_CODE = YES;
				CLANG_WARN__DUPLICATE_METHOD_MATCH = YES;
				CODE_SIGN_IDENTITY = "iPhone Developer";
				COPY_PHASE_STRIP = NO;
				DEBUG_INFORMATION_FORMAT = dwarf;
				ENABLE_STRICT_OBJC_MSGSEND = YES;
				ENABLE_TESTABILITY = YES;
				GCC_C_LANGUAGE_STANDARD = gnu11;
				GCC_DYNAMIC_NO_PIC = NO;
				GCC_NO_COMMON_BLOCKS = YES;
				GCC_OPTIMIZATION_LEVEL = 0;
				GCC_PREPROCESSOR_DEFINITIONS = (
					"DEBUG=1",
					"$(inherited)",
				);
				GCC_WARN_64_TO_32_BIT_CONVERSION = YES;
				GCC_WARN_ABOUT_RETURN_TYPE = YES_ERROR;
				GCC_WARN_UNDECLARED_SELECTOR = YES;
				GCC_WARN_UNINITIALIZED_AUTOS = YES_AGGRESSIVE;
				GCC_WARN_UNUSED_FUNCTION = YES;
				GCC_WARN_UNUSED_VARIABLE = YES;
				IPHONEOS_DEPLOYMENT_TARGET = 11.2;
				MTL_ENABLE_DEBUG_INFO = YES;
				ONLY_ACTIVE_ARCH = YES;
				SDKROOT = iphoneos;
				SWIFT_ACTIVE_COMPILATION_CONDITIONS = DEBUG;
				SWIFT_OPTIMIZATION_LEVEL = "-Onone";
			};
			name = Debug;
		};
		C90A7C17202AF91600B8DD95 /* Release */ = {
			isa = XCBuildConfiguration;
			buildSettings = {
				ALWAYS_SEARCH_USER_PATHS = NO;
				CLANG_ANALYZER_NONNULL = YES;
				CLANG_ANALYZER_NUMBER_OBJECT_CONVERSION = YES_AGGRESSIVE;
				CLANG_CXX_LANGUAGE_STANDARD = "gnu++14";
				CLANG_CXX_LIBRARY = "libc++";
				CLANG_ENABLE_MODULES = YES;
				CLANG_ENABLE_OBJC_ARC = YES;
				CLANG_WARN_BLOCK_CAPTURE_AUTORELEASING = YES;
				CLANG_WARN_BOOL_CONVERSION = YES;
				CLANG_WARN_COMMA = YES;
				CLANG_WARN_CONSTANT_CONVERSION = YES;
				CLANG_WARN_DIRECT_OBJC_ISA_USAGE = YES_ERROR;
				CLANG_WARN_DOCUMENTATION_COMMENTS = YES;
				CLANG_WARN_EMPTY_BODY = YES;
				CLANG_WARN_ENUM_CONVERSION = YES;
				CLANG_WARN_INFINITE_RECURSION = YES;
				CLANG_WARN_INT_CONVERSION = YES;
				CLANG_WARN_NON_LITERAL_NULL_CONVERSION = YES;
				CLANG_WARN_OBJC_LITERAL_CONVERSION = YES;
				CLANG_WARN_OBJC_ROOT_CLASS = YES_ERROR;
				CLANG_WARN_RANGE_LOOP_ANALYSIS = YES;
				CLANG_WARN_STRICT_PROTOTYPES = YES;
				CLANG_WARN_SUSPICIOUS_MOVE = YES;
				CLANG_WARN_UNGUARDED_AVAILABILITY = YES_AGGRESSIVE;
				CLANG_WARN_UNREACHABLE_CODE = YES;
				CLANG_WARN__DUPLICATE_METHOD_MATCH = YES;
				CODE_SIGN_IDENTITY = "iPhone Developer";
				COPY_PHASE_STRIP = NO;
				DEBUG_INFORMATION_FORMAT = "dwarf-with-dsym";
				ENABLE_NS_ASSERTIONS = NO;
				ENABLE_STRICT_OBJC_MSGSEND = YES;
				GCC_C_LANGUAGE_STANDARD = gnu11;
				GCC_NO_COMMON_BLOCKS = YES;
				GCC_WARN_64_TO_32_BIT_CONVERSION = YES;
				GCC_WARN_ABOUT_RETURN_TYPE = YES_ERROR;
				GCC_WARN_UNDECLARED_SELECTOR = YES;
				GCC_WARN_UNINITIALIZED_AUTOS = YES_AGGRESSIVE;
				GCC_WARN_UNUSED_FUNCTION = YES;
				GCC_WARN_UNUSED_VARIABLE = YES;
				IPHONEOS_DEPLOYMENT_TARGET = 11.2;
				MTL_ENABLE_DEBUG_INFO = NO;
				SDKROOT = iphoneos;
				SWIFT_OPTIMIZATION_LEVEL = "-Owholemodule";
				VALIDATE_PRODUCT = YES;
			};
			name = Release;
		};
		C90A7C19202AF91600B8DD95 /* Debug */ = {
			isa = XCBuildConfiguration;
			baseConfigurationReference = 6D4C9BFFF889ADCC2D98AF0C /* Pods-WeatherForecast.debug.xcconfig */;
			buildSettings = {
				ASSETCATALOG_COMPILER_APPICON_NAME = AppIcon;
				CODE_SIGN_STYLE = Automatic;
				DEVELOPMENT_TEAM = V9TZ6H4V4N;
				INFOPLIST_FILE = WeatherForecast/Info.plist;
				IPHONEOS_DEPLOYMENT_TARGET = 11.2;
				LD_RUNPATH_SEARCH_PATHS = "$(inherited) @executable_path/Frameworks";
				PRODUCT_BUNDLE_IDENTIFIER = com.mycompony.WeatherForecast;
				PRODUCT_NAME = "$(TARGET_NAME)";
				SWIFT_VERSION = 4.0;
				TARGETED_DEVICE_FAMILY = "1,2";
			};
			name = Debug;
		};
		C90A7C1A202AF91600B8DD95 /* Release */ = {
			isa = XCBuildConfiguration;
			baseConfigurationReference = 04DC8150F13F70F4B86F539F /* Pods-WeatherForecast.release.xcconfig */;
			buildSettings = {
				ASSETCATALOG_COMPILER_APPICON_NAME = AppIcon;
				CODE_SIGN_STYLE = Automatic;
				DEVELOPMENT_TEAM = V9TZ6H4V4N;
				INFOPLIST_FILE = WeatherForecast/Info.plist;
				IPHONEOS_DEPLOYMENT_TARGET = 11.2;
				LD_RUNPATH_SEARCH_PATHS = "$(inherited) @executable_path/Frameworks";
				PRODUCT_BUNDLE_IDENTIFIER = com.mycompony.WeatherForecast;
				PRODUCT_NAME = "$(TARGET_NAME)";
				SWIFT_VERSION = 4.0;
				TARGETED_DEVICE_FAMILY = "1,2";
			};
			name = Release;
		};
		C90A7C1C202AF91600B8DD95 /* Debug */ = {
			isa = XCBuildConfiguration;
			baseConfigurationReference = 5558419799D746EB366866B4 /* Pods-WeatherForecastTests.debug.xcconfig */;
			buildSettings = {
				ALWAYS_EMBED_SWIFT_STANDARD_LIBRARIES = YES;
				BUNDLE_LOADER = "$(TEST_HOST)";
				CODE_SIGN_STYLE = Automatic;
				DEVELOPMENT_TEAM = V9TZ6H4V4N;
				INFOPLIST_FILE = WeatherForecastTests/Info.plist;
				LD_RUNPATH_SEARCH_PATHS = "$(inherited) @executable_path/Frameworks @loader_path/Frameworks";
				PRODUCT_BUNDLE_IDENTIFIER = com.yourcompony.WeatherForecastTests;
				PRODUCT_NAME = "$(TARGET_NAME)";
				SWIFT_VERSION = 4.0;
				TARGETED_DEVICE_FAMILY = "1,2";
				TEST_HOST = "$(BUILT_PRODUCTS_DIR)/WeatherForecast.app/WeatherForecast";
			};
			name = Debug;
		};
		C90A7C1D202AF91600B8DD95 /* Release */ = {
			isa = XCBuildConfiguration;
			baseConfigurationReference = 23C23D62DF8F8DA48612FCE2 /* Pods-WeatherForecastTests.release.xcconfig */;
			buildSettings = {
				ALWAYS_EMBED_SWIFT_STANDARD_LIBRARIES = YES;
				BUNDLE_LOADER = "$(TEST_HOST)";
				CODE_SIGN_STYLE = Automatic;
				DEVELOPMENT_TEAM = V9TZ6H4V4N;
				INFOPLIST_FILE = WeatherForecastTests/Info.plist;
				LD_RUNPATH_SEARCH_PATHS = "$(inherited) @executable_path/Frameworks @loader_path/Frameworks";
				PRODUCT_BUNDLE_IDENTIFIER = com.yourcompony.WeatherForecastTests;
				PRODUCT_NAME = "$(TARGET_NAME)";
				SWIFT_VERSION = 4.0;
				TARGETED_DEVICE_FAMILY = "1,2";
				TEST_HOST = "$(BUILT_PRODUCTS_DIR)/WeatherForecast.app/WeatherForecast";
			};
			name = Release;
		};
/* End XCBuildConfiguration section */

/* Begin XCConfigurationList section */
		C90A7BF6202AF91600B8DD95 /* Build configuration list for PBXProject "WeatherForecast" */ = {
			isa = XCConfigurationList;
			buildConfigurations = (
				C90A7C16202AF91600B8DD95 /* Debug */,
				C90A7C17202AF91600B8DD95 /* Release */,
			);
			defaultConfigurationIsVisible = 0;
			defaultConfigurationName = Release;
		};
		C90A7C18202AF91600B8DD95 /* Build configuration list for PBXNativeTarget "WeatherForecast" */ = {
			isa = XCConfigurationList;
			buildConfigurations = (
				C90A7C19202AF91600B8DD95 /* Debug */,
				C90A7C1A202AF91600B8DD95 /* Release */,
			);
			defaultConfigurationIsVisible = 0;
			defaultConfigurationName = Release;
		};
		C90A7C1B202AF91600B8DD95 /* Build configuration list for PBXNativeTarget "WeatherForecastTests" */ = {
			isa = XCConfigurationList;
			buildConfigurations = (
				C90A7C1C202AF91600B8DD95 /* Debug */,
				C90A7C1D202AF91600B8DD95 /* Release */,
			);
			defaultConfigurationIsVisible = 0;
			defaultConfigurationName = Release;
		};
/* End XCConfigurationList section */
	};
	rootObject = C90A7BF3202AF91600B8DD95 /* Project object */;
}
