// !$*UTF8*$!
{
	archiveVersion = 1;
	classes = {
	};
	objectVersion = 48;
	objects = {

/* Begin PBXBuildFile section */
		48AD0081BD6C4D1E68969B1E /* Pods_WeatherForecastTests.framework in Frameworks */ = {isa = PBXBuildFile; fileRef = EF35C21776787B24FF92741C /* Pods_WeatherForecastTests.framework */; };
		C90A7BFF202AF91600B8DD95 /* AppDelegate.swift in Sources */ = {isa = PBXBuildFile; fileRef = C90A7BFE202AF91600B8DD95 /* AppDelegate.swift */; };
		C90A7C01202AF91600B8DD95 /* ViewController.swift in Sources */ = {isa = PBXBuildFile; fileRef = C90A7C00202AF91600B8DD95 /* ViewController.swift */; };
		C90A7C04202AF91600B8DD95 /* Main.storyboard in Resources */ = {isa = PBXBuildFile; fileRef = C90A7C02202AF91600B8DD95 /* Main.storyboard */; };
		C90A7C06202AF91600B8DD95 /* Assets.xcassets in Resources */ = {isa = PBXBuildFile; fileRef = C90A7C05202AF91600B8DD95 /* Assets.xcassets */; };
		C90A7C09202AF91600B8DD95 /* LaunchScreen.storyboard in Resources */ = {isa = PBXBuildFile; fileRef = C90A7C07202AF91600B8DD95 /* LaunchScreen.storyboard */; };
		C90A7C14202AF91600B8DD95 /* WeatherForecastTests.swift in Sources */ = {isa = PBXBuildFile; fileRef = C90A7C13202AF91600B8DD95 /* WeatherForecastTests.swift */; };
		C90A7C23202B594C00B8DD95 /* WeatherAPI.swift in Sources */ = {isa = PBXBuildFile; fileRef = C90A7C21202B453300B8DD95 /* WeatherAPI.swift */; };
		C90A7C25202B603900B8DD95 /* DataManager.swift in Sources */ = {isa = PBXBuildFile; fileRef = C90A7C24202B603900B8DD95 /* DataManager.swift */; };
		C90A7C27202B684A00B8DD95 /* WeatherAPI.swift in Sources */ = {isa = PBXBuildFile; fileRef = C90A7C21202B453300B8DD95 /* WeatherAPI.swift */; };
		C90A7C28202B686900B8DD95 /* APIConstant.swift in Sources */ = {isa = PBXBuildFile; fileRef = C90A7C1E202AFB2900B8DD95 /* APIConstant.swift */; };
		C90A7C29202B687700B8DD95 /* APIConstant.swift in Sources */ = {isa = PBXBuildFile; fileRef = C90A7C1E202AFB2900B8DD95 /* APIConstant.swift */; };
		C90A7C2B202C0D1200B8DD95 /* Weather.swift in Sources */ = {isa = PBXBuildFile; fileRef = C90A7C2A202C0D1200B8DD95 /* Weather.swift */; };
		C90A7C2D202C0F0700B8DD95 /* Forecast.swift in Sources */ = {isa = PBXBuildFile; fileRef = C90A7C2C202C0F0700B8DD95 /* Forecast.swift */; };
		C90A7C2F202C11B700B8DD95 /* WeatherDetail.swift in Sources */ = {isa = PBXBuildFile; fileRef = C90A7C2E202C11B700B8DD95 /* WeatherDetail.swift */; };
		C90A7C31202C122C00B8DD95 /* Response.swift in Sources */ = {isa = PBXBuildFile; fileRef = C90A7C30202C122C00B8DD95 /* Response.swift */; };
		C90A7C33202C127100B8DD95 /* City.swift in Sources */ = {isa = PBXBuildFile; fileRef = C90A7C32202C127100B8DD95 /* City.swift */; };
		C90A7C35202C129200B8DD95 /* Coordinate.swift in Sources */ = {isa = PBXBuildFile; fileRef = C90A7C34202C129200B8DD95 /* Coordinate.swift */; };
		C90A7C37202D630E00B8DD95 /* DataManager.swift in Sources */ = {isa = PBXBuildFile; fileRef = C90A7C24202B603900B8DD95 /* DataManager.swift */; };
		C90A7C38202D631500B8DD95 /* Response.swift in Sources */ = {isa = PBXBuildFile; fileRef = C90A7C30202C122C00B8DD95 /* Response.swift */; };
		C90A7C39202D631700B8DD95 /* Weather.swift in Sources */ = {isa = PBXBuildFile; fileRef = C90A7C2A202C0D1200B8DD95 /* Weather.swift */; };
		C90A7C3A202D631A00B8DD95 /* WeatherDetail.swift in Sources */ = {isa = PBXBuildFile; fileRef = C90A7C2E202C11B700B8DD95 /* WeatherDetail.swift */; };
		C90A7C3B202D631D00B8DD95 /* Coordinate.swift in Sources */ = {isa = PBXBuildFile; fileRef = C90A7C34202C129200B8DD95 /* Coordinate.swift */; };
		C90A7C3C202D632000B8DD95 /* City.swift in Sources */ = {isa = PBXBuildFile; fileRef = C90A7C32202C127100B8DD95 /* City.swift */; };
		C90A7C3D202D632400B8DD95 /* Forecast.swift in Sources */ = {isa = PBXBuildFile; fileRef = C90A7C2C202C0F0700B8DD95 /* Forecast.swift */; };
		C90A7C40202DD28B00B8DD95 /* DataManagerTests.swift in Sources */ = {isa = PBXBuildFile; fileRef = C90A7C3F202DD28A00B8DD95 /* DataManagerTests.swift */; };
		C90A7C442031C60100B8DD95 /* Extension+CLLocationCoordinate2D.swift in Sources */ = {isa = PBXBuildFile; fileRef = C90A7C432031C60100B8DD95 /* Extension+CLLocationCoordinate2D.swift */; };
		D3D74CABC0D4E91AA5543E51 /* Pods_WeatherForecast.framework in Frameworks */ = {isa = PBXBuildFile; fileRef = 678579E3ECBB50D6A5DCDA07 /* Pods_WeatherForecast.framework */; };
/* End PBXBuildFile section */

/* Begin PBXContainerItemProxy section */
		C90A7C10202AF91600B8DD95 /* PBXContainerItemProxy */ = {
			isa = PBXContainerItemProxy;
			containerPortal = C90A7BF3202AF91600B8DD95 /* Project object */;
			proxyType = 1;
			remoteGlobalIDString = C90A7BFA202AF91600B8DD95;
			remoteInfo = WeatherForecast;
		};
/* End PBXContainerItemProxy section */

/* Begin PBXFileReference section */
		04DC8150F13F70F4B86F539F /* Pods-WeatherForecast.release.xcconfig */ = {isa = PBXFileReference; includeInIndex = 1; lastKnownFileType = text.xcconfig; name = "Pods-WeatherForecast.release.xcconfig"; path = "Pods/Target Support Files/Pods-WeatherForecast/Pods-WeatherForecast.release.xcconfig"; sourceTree = "<group>"; };
		23C23D62DF8F8DA48612FCE2 /* Pods-WeatherForecastTests.release.xcconfig */ = {isa = PBXFileReference; includeInIndex = 1; lastKnownFileType = text.xcconfig; name = "Pods-WeatherForecastTests.release.xcconfig"; path = "Pods/Target Support Files/Pods-WeatherForecastTests/Pods-WeatherForecastTests.release.xcconfig"; sourceTree = "<group>"; };
		5558419799D746EB366866B4 /* Pods-WeatherForecastTests.debug.xcconfig */ = {isa = PBXFileReference; includeInIndex = 1; lastKnownFileType = text.xcconfig; name = "Pods-WeatherForecastTests.debug.xcconfig"; path = "Pods/Target Support Files/Pods-WeatherForecastTests/Pods-WeatherForecastTests.debug.xcconfig"; sourceTree = "<group>"; };
		678579E3ECBB50D6A5DCDA07 /* Pods_WeatherForecast.framework */ = {isa = PBXFileReference; explicitFileType = wrapper.framework; includeInIndex = 0; path = Pods_WeatherForecast.framework; sourceTree = BUILT_PRODUCTS_DIR; };
		6D4C9BFFF889ADCC2D98AF0C /* Pods-WeatherForecast.debug.xcconfig */ = {isa = PBXFileReference; includeInIndex = 1; lastKnownFileType = text.xcconfig; name = "Pods-WeatherForecast.debug.xcconfig"; path = "Pods/Target Support Files/Pods-WeatherForecast/Pods-WeatherForecast.debug.xcconfig"; sourceTree = "<group>"; };
		C90A7BFB202AF91600B8DD95 /* WeatherForecast.app */ = {isa = PBXFileReference; explicitFileType = wrapper.application; includeInIndex = 0; path = WeatherForecast.app; sourceTree = BUILT_PRODUCTS_DIR; };
		C90A7BFE202AF91600B8DD95 /* AppDelegate.swift */ = {isa = PBXFileReference; lastKnownFileType = sourcecode.swift; path = AppDelegate.swift; sourceTree = "<group>"; };
		C90A7C00202AF91600B8DD95 /* ViewController.swift */ = {isa = PBXFileReference; lastKnownFileType = sourcecode.swift; path = ViewController.swift; sourceTree = "<group>"; };
		C90A7C03202AF91600B8DD95 /* Base */ = {isa = PBXFileReference; lastKnownFileType = file.storyboard; name = Base; path = Base.lproj/Main.storyboard; sourceTree = "<group>"; };
		C90A7C05202AF91600B8DD95 /* Assets.xcassets */ = {isa = PBXFileReference; lastKnownFileType = folder.assetcatalog; path = Assets.xcassets; sourceTree = "<group>"; };
		C90A7C08202AF91600B8DD95 /* Base */ = {isa = PBXFileReference; lastKnownFileType = file.storyboard; name = Base; path = Base.lproj/LaunchScreen.storyboard; sourceTree = "<group>"; };
		C90A7C0A202AF91600B8DD95 /* Info.plist */ = {isa = PBXFileReference; lastKnownFileType = text.plist.xml; path = Info.plist; sourceTree = "<group>"; };
		C90A7C0F202AF91600B8DD95 /* WeatherForecastTests.xctest */ = {isa = PBXFileReference; explicitFileType = wrapper.cfbundle; includeInIndex = 0; path = WeatherForecastTests.xctest; sourceTree = BUILT_PRODUCTS_DIR; };
		C90A7C13202AF91600B8DD95 /* WeatherForecastTests.swift */ = {isa = PBXFileReference; lastKnownFileType = sourcecode.swift; path = WeatherForecastTests.swift; sourceTree = "<group>"; };
		C90A7C15202AF91600B8DD95 /* Info.plist */ = {isa = PBXFileReference; lastKnownFileType = text.plist.xml; path = Info.plist; sourceTree = "<group>"; };
		C90A7C1E202AFB2900B8DD95 /* APIConstant.swift */ = {isa = PBXFileReference; lastKnownFileType = sourcecode.swift; path = APIConstant.swift; sourceTree = "<group>"; };
		C90A7C21202B453300B8DD95 /* WeatherAPI.swift */ = {isa = PBXFileReference; lastKnownFileType = sourcecode.swift; path = WeatherAPI.swift; sourceTree = "<group>"; };
		C90A7C24202B603900B8DD95 /* DataManager.swift */ = {isa = PBXFileReference; lastKnownFileType = sourcecode.swift; path = DataManager.swift; sourceTree = "<group>"; };
		C90A7C2A202C0D1200B8DD95 /* Weather.swift */ = {isa = PBXFileReference; lastKnownFileType = sourcecode.swift; path = Weather.swift; sourceTree = "<group>"; };
		C90A7C2C202C0F0700B8DD95 /* Forecast.swift */ = {isa = PBXFileReference; lastKnownFileType = sourcecode.swift; path = Forecast.swift; sourceTree = "<group>"; };
		C90A7C2E202C11B700B8DD95 /* WeatherDetail.swift */ = {isa = PBXFileReference; lastKnownFileType = sourcecode.swift; path = WeatherDetail.swift; sourceTree = "<group>"; };
		C90A7C30202C122C00B8DD95 /* Response.swift */ = {isa = PBXFileReference; lastKnownFileType = sourcecode.swift; path = Response.swift; sourceTree = "<group>"; };
		C90A7C32202C127100B8DD95 /* City.swift */ = {isa = PBXFileReference; lastKnownFileType = sourcecode.swift; path = City.swift; sourceTree = "<group>"; };
		C90A7C34202C129200B8DD95 /* Coordinate.swift */ = {isa = PBXFileReference; lastKnownFileType = sourcecode.swift; path = Coordinate.swift; sourceTree = "<group>"; };
		C90A7C3F202DD28A00B8DD95 /* DataManagerTests.swift */ = {isa = PBXFileReference; lastKnownFileType = sourcecode.swift; path = DataManagerTests.swift; sourceTree = "<group>"; };
		C90A7C432031C60100B8DD95 /* Extension+CLLocationCoordinate2D.swift */ = {isa = PBXFileReference; lastKnownFileType = sourcecode.swift; path = "Extension+CLLocationCoordinate2D.swift"; sourceTree = "<group>"; };
		EF35C21776787B24FF92741C /* Pods_WeatherForecastTests.framework */ = {isa = PBXFileReference; explicitFileType = wrapper.framework; includeInIndex = 0; path = Pods_WeatherForecastTests.framework; sourceTree = BUILT_PRODUCTS_DIR; };
/* End PBXFileReference section */

/* Begin PBXFrameworksBuildPhase section */
		C90A7BF8202AF91600B8DD95 /* Frameworks */ = {
			isa = PBXFrameworksBuildPhase;
			buildActionMask = 2147483647;
			files = (
				D3D74CABC0D4E91AA5543E51 /* Pods_WeatherForecast.framework in Frameworks */,
			);
			runOnlyForDeploymentPostprocessing = 0;
		};
		C90A7C0C202AF91600B8DD95 /* Frameworks */ = {
			isa = PBXFrameworksBuildPhase;
			buildActionMask = 2147483647;
			files = (
				48AD0081BD6C4D1E68969B1E /* Pods_WeatherForecastTests.framework in Frameworks */,
			);
			runOnlyForDeploymentPostprocessing = 0;
		};
/* End PBXFrameworksBuildPhase section */

/* Begin PBXGroup section */
		8A26F177D18153D8BEAF985F /* Frameworks */ = {
			isa = PBXGroup;
			children = (
				678579E3ECBB50D6A5DCDA07 /* Pods_WeatherForecast.framework */,
				EF35C21776787B24FF92741C /* Pods_WeatherForecastTests.framework */,
			);
			name = Frameworks;
			sourceTree = "<group>";
		};
		C88F19188AA1F52D4A466DB0 /* Pods */ = {
			isa = PBXGroup;
			children = (
				6D4C9BFFF889ADCC2D98AF0C /* Pods-WeatherForecast.debug.xcconfig */,
				04DC8150F13F70F4B86F539F /* Pods-WeatherForecast.release.xcconfig */,
				5558419799D746EB366866B4 /* Pods-WeatherForecastTests.debug.xcconfig */,
				23C23D62DF8F8DA48612FCE2 /* Pods-WeatherForecastTests.release.xcconfig */,
			);
			name = Pods;
			sourceTree = "<group>";
		};
		C90A7BF2202AF91600B8DD95 = {
			isa = PBXGroup;
			children = (
				C90A7BFD202AF91600B8DD95 /* WeatherForecast */,
				C90A7C12202AF91600B8DD95 /* WeatherForecastTests */,
				C90A7BFC202AF91600B8DD95 /* Products */,
				C88F19188AA1F52D4A466DB0 /* Pods */,
				8A26F177D18153D8BEAF985F /* Frameworks */,
			);
			sourceTree = "<group>";
		};
		C90A7BFC202AF91600B8DD95 /* Products */ = {
			isa = PBXGroup;
			children = (
				C90A7BFB202AF91600B8DD95 /* WeatherForecast.app */,
				C90A7C0F202AF91600B8DD95 /* WeatherForecastTests.xctest */,
			);
			name = Products;
			sourceTree = "<group>";
		};
		C90A7BFD202AF91600B8DD95 /* WeatherForecast */ = {
			isa = PBXGroup;
			children = (
				C90A7C422031C5C200B8DD95 /* Utility */,
				C90A7C3E202DC29200B8DD95 /* Helper */,
				C90A7C20202B44BC00B8DD95 /* Model */,
				C90A7BFE202AF91600B8DD95 /* AppDelegate.swift */,
				C90A7C00202AF91600B8DD95 /* ViewController.swift */,
				C90A7C02202AF91600B8DD95 /* Main.storyboard */,
				C90A7C05202AF91600B8DD95 /* Assets.xcassets */,
				C90A7C07202AF91600B8DD95 /* LaunchScreen.storyboard */,
				C90A7C0A202AF91600B8DD95 /* Info.plist */,
				C90A7C1E202AFB2900B8DD95 /* APIConstant.swift */,
			);
			path = WeatherForecast;
			sourceTree = "<group>";
		};
		C90A7C12202AF91600B8DD95 /* WeatherForecastTests */ = {
			isa = PBXGroup;
			children = (
				C90A7C13202AF91600B8DD95 /* WeatherForecastTests.swift */,
				C90A7C3F202DD28A00B8DD95 /* DataManagerTests.swift */,
				C90A7C15202AF91600B8DD95 /* Info.plist */,
			);
			path = WeatherForecastTests;
			sourceTree = "<group>";
		};
		C90A7C20202B44BC00B8DD95 /* Model */ = {
			isa = PBXGroup;
			children = (
				C90A7C30202C122C00B8DD95 /* Response.swift */,
				C90A7C2A202C0D1200B8DD95 /* Weather.swift */,
				C90A7C2E202C11B700B8DD95 /* WeatherDetail.swift */,
				C90A7C32202C127100B8DD95 /* City.swift */,
				C90A7C34202C129200B8DD95 /* Coordinate.swift */,
				C90A7C2C202C0F0700B8DD95 /* Forecast.swift */,
			);
			path = Model;
			sourceTree = "<group>";
		};
		C90A7C3E202DC29200B8DD95 /* Helper */ = {
			isa = PBXGroup;
			children = (
				C90A7C21202B453300B8DD95 /* WeatherAPI.swift */,
				C90A7C24202B603900B8DD95 /* DataManager.swift */,
			);
			path = Helper;
			sourceTree = "<group>";
		};
		C90A7C422031C5C200B8DD95 /* Utility */ = {
			isa = PBXGroup;
			children = (
				C90A7C432031C60100B8DD95 /* Extension+CLLocationCoordinate2D.swift */,
			);
			path = Utility;
			sourceTree = "<group>";
		};
/* End PBXGroup section */

/* Begin PBXNativeTarget section */
		C90A7BFA202AF91600B8DD95 /* WeatherForecast */ = {
			isa = PBXNativeTarget;
			buildConfigurationList = C90A7C18202AF91600B8DD95 /* Build configuration list for PBXNativeTarget "WeatherForecast" */;
			buildPhases = (
				9AD1B51DBBCC43EC271E8602 /* [CP] Check Pods Manifest.lock */,
				C90A7BF7202AF91600B8DD95 /* Sources */,
				C90A7BF8202AF91600B8DD95 /* Frameworks */,
				C90A7BF9202AF91600B8DD95 /* Resources */,
				11ABFEA8BBE2C824D2FE3F0F /* [CP] Embed Pods Frameworks */,
				C4A78288C8346323808DE92D /* [CP] Copy Pods Resources */,
			);
			buildRules = (
			);
			dependencies = (
			);
			name = WeatherForecast;
			productName = WeatherForecast;
			productReference = C90A7BFB202AF91600B8DD95 /* WeatherForecast.app */;
			productType = "com.apple.product-type.application";
		};
		C90A7C0E202AF91600B8DD95 /* WeatherForecastTests */ = {
			isa = PBXNativeTarget;
			buildConfigurationList = C90A7C1B202AF91600B8DD95 /* Build configuration list for PBXNativeTarget "WeatherForecastTests" */;
			buildPhases = (
				DC9635C2DA0DE6ACA6A791BE /* [CP] Check Pods Manifest.lock */,
				C90A7C0B202AF91600B8DD95 /* Sources */,
				C90A7C0C202AF91600B8DD95 /* Frameworks */,
				C90A7C0D202AF91600B8DD95 /* Resources */,
				8147829D0F68C9218F0AEBA0 /* [CP] Embed Pods Frameworks */,
				8B28FA937D13AA7B172A7FA8 /* [CP] Copy Pods Resources */,
			);
			buildRules = (
			);
			dependencies = (
				C90A7C11202AF91600B8DD95 /* PBXTargetDependency */,
			);
			name = WeatherForecastTests;
			productName = WeatherForecastTests;
			productReference = C90A7C0F202AF91600B8DD95 /* WeatherForecastTests.xctest */;
			productType = "com.apple.product-type.bundle.unit-test";
		};
/* End PBXNativeTarget section */

/* Begin PBXProject section */
		C90A7BF3202AF91600B8DD95 /* Project object */ = {
			isa = PBXProject;
			attributes = {
				LastSwiftUpdateCheck = 0920;
				LastUpgradeCheck = 0920;
				ORGANIZATIONNAME = "yang hee jung";
				TargetAttributes = {
					C90A7BFA202AF91600B8DD95 = {
						CreatedOnToolsVersion = 9.2;
						ProvisioningStyle = Automatic;
					};
					C90A7C0E202AF91600B8DD95 = {
						CreatedOnToolsVersion = 9.2;
						ProvisioningStyle = Automatic;
						TestTargetID = C90A7BFA202AF91600B8DD95;
					};
				};
			};
			buildConfigurationList = C90A7BF6202AF91600B8DD95 /* Build configuration list for PBXProject "WeatherForecast" */;
			compatibilityVersion = "Xcode 8.0";
			developmentRegion = en;
			hasScannedForEncodings = 0;
			knownRegions = (
				en,
				Base,
			);
			mainGroup = C90A7BF2202AF91600B8DD95;
			productRefGroup = C90A7BFC202AF91600B8DD95 /* Products */;
			projectDirPath = "";
			projectRoot = "";
			targets = (
				C90A7BFA202AF91600B8DD95 /* WeatherForecast */,
				C90A7C0E202AF91600B8DD95 /* WeatherForecastTests */,
			);
		};
/* End PBXProject section */

/* Begin PBXResourcesBuildPhase section */
		C90A7BF9202AF91600B8DD95 /* Resources */ = {
			isa = PBXResourcesBuildPhase;
			buildActionMask = 2147483647;
			files = (
				C90A7C09202AF91600B8DD95 /* LaunchScreen.storyboard in Resources */,
				C90A7C06202AF91600B8DD95 /* Assets.xcassets in Resources */,
				C90A7C04202AF91600B8DD95 /* Main.storyboard in Resources */,
			);
			runOnlyForDeploymentPostprocessing = 0;
		};
		C90A7C0D202AF91600B8DD95 /* Resources */ = {
			isa = PBXResourcesBuildPhase;
			buildActionMask = 2147483647;
			files = (
			);
			runOnlyForDeploymentPostprocessing = 0;
		};
/* End PBXResourcesBuildPhase section */

/* Begin PBXShellScriptBuildPhase section */
		11ABFEA8BBE2C824D2FE3F0F /* [CP] Embed Pods Frameworks */ = {
			isa = PBXShellScriptBuildPhase;
			buildActionMask = 2147483647;
			files = (
			);
			inputPaths = (
			);
			name = "[CP] Embed Pods Frameworks";
			outputPaths = (
			);
			runOnlyForDeploymentPostprocessing = 0;
			shellPath = /bin/sh;
			shellScript = "\"${SRCROOT}/Pods/Target Support Files/Pods-WeatherForecast/Pods-WeatherForecast-frameworks.sh\"\n";
			showEnvVarsInLog = 0;
		};
		8147829D0F68C9218F0AEBA0 /* [CP] Embed Pods Frameworks */ = {
			isa = PBXShellScriptBuildPhase;
			buildActionMask = 2147483647;
			files = (
			);
			inputPaths = (
			);
			name = "[CP] Embed Pods Frameworks";
			outputPaths = (
			);
			runOnlyForDeploymentPostprocessing = 0;
			shellPath = /bin/sh;
			shellScript = "\"${SRCROOT}/Pods/Target Support Files/Pods-WeatherForecastTests/Pods-WeatherForecastTests-frameworks.sh\"\n";
			showEnvVarsInLog = 0;
		};
		8B28FA937D13AA7B172A7FA8 /* [CP] Copy Pods Resources */ = {
			isa = PBXShellScriptBuildPhase;
			buildActionMask = 2147483647;
			files = (
			);
			inputPaths = (
			);
			name = "[CP] Copy Pods Resources";
			outputPaths = (
			);
			runOnlyForDeploymentPostprocessing = 0;
			shellPath = /bin/sh;
			shellScript = "\"${SRCROOT}/Pods/Target Support Files/Pods-WeatherForecastTests/Pods-WeatherForecastTests-resources.sh\"\n";
			showEnvVarsInLog = 0;
		};
		9AD1B51DBBCC43EC271E8602 /* [CP] Check Pods Manifest.lock */ = {
			isa = PBXShellScriptBuildPhase;
			buildActionMask = 2147483647;
			files = (
			);
			inputPaths = (
				"${PODS_PODFILE_DIR_PATH}/Podfile.lock",
				"${PODS_ROOT}/Manifest.lock",
			);
			name = "[CP] Check Pods Manifest.lock";
			outputPaths = (
				"$(DERIVED_FILE_DIR)/Pods-WeatherForecast-checkManifestLockResult.txt",
			);
			runOnlyForDeploymentPostprocessing = 0;
			shellPath = /bin/sh;
			shellScript = "diff \"${PODS_PODFILE_DIR_PATH}/Podfile.lock\" \"${PODS_ROOT}/Manifest.lock\" > /dev/null\nif [ $? != 0 ] ; then\n    # print error to STDERR\n    echo \"error: The sandbox is not in sync with the Podfile.lock. Run 'pod install' or update your CocoaPods installation.\" >&2\n    exit 1\nfi\n# This output is used by Xcode 'outputs' to avoid re-running this script phase.\necho \"SUCCESS\" > \"${SCRIPT_OUTPUT_FILE_0}\"\n";
			showEnvVarsInLog = 0;
		};
		C4A78288C8346323808DE92D /* [CP] Copy Pods Resources */ = {
			isa = PBXShellScriptBuildPhase;
			buildActionMask = 2147483647;
			files = (
			);
			inputPaths = (
			);
			name = "[CP] Copy Pods Resources";
			outputPaths = (
			);
			runOnlyForDeploymentPostprocessing = 0;
			shellPath = /bin/sh;
			shellScript = "\"${SRCROOT}/Pods/Target Support Files/Pods-WeatherForecast/Pods-WeatherForecast-resources.sh\"\n";
			showEnvVarsInLog = 0;
		};
		DC9635C2DA0DE6ACA6A791BE /* [CP] Check Pods Manifest.lock */ = {
			isa = PBXShellScriptBuildPhase;
			buildActionMask = 2147483647;
			files = (
			);
			inputPaths = (
				"${PODS_PODFILE_DIR_PATH}/Podfile.lock",
				"${PODS_ROOT}/Manifest.lock",
			);
			name = "[CP] Check Pods Manifest.lock";
			outputPaths = (
				"$(DERIVED_FILE_DIR)/Pods-WeatherForecastTests-checkManifestLockResult.txt",
			);
			runOnlyForDeploymentPostprocessing = 0;
			shellPath = /bin/sh;
			shellScript = "diff \"${PODS_PODFILE_DIR_PATH}/Podfile.lock\" \"${PODS_ROOT}/Manifest.lock\" > /dev/null\nif [ $? != 0 ] ; then\n    # print error to STDERR\n    echo \"error: The sandbox is not in sync with the Podfile.lock. Run 'pod install' or update your CocoaPods installation.\" >&2\n    exit 1\nfi\n# This output is used by Xcode 'outputs' to avoid re-running this script phase.\necho \"SUCCESS\" > \"${SCRIPT_OUTPUT_FILE_0}\"\n";
			showEnvVarsInLog = 0;
		};
/* End PBXShellScriptBuildPhase section */

/* Begin PBXSourcesBuildPhase section */
		C90A7BF7202AF91600B8DD95 /* Sources */ = {
			isa = PBXSourcesBuildPhase;
			buildActionMask = 2147483647;
			files = (
				C90A7C01202AF91600B8DD95 /* ViewController.swift in Sources */,
				C90A7C2F202C11B700B8DD95 /* WeatherDetail.swift in Sources */,
				C90A7C25202B603900B8DD95 /* DataManager.swift in Sources */,
				C90A7C2D202C0F0700B8DD95 /* Forecast.swift in Sources */,
				C90A7C31202C122C00B8DD95 /* Response.swift in Sources */,
				C90A7C35202C129200B8DD95 /* Coordinate.swift in Sources */,
				C90A7C27202B684A00B8DD95 /* WeatherAPI.swift in Sources */,
				C90A7C33202C127100B8DD95 /* City.swift in Sources */,
				C90A7C28202B686900B8DD95 /* APIConstant.swift in Sources */,
				C90A7C2B202C0D1200B8DD95 /* Weather.swift in Sources */,
				C90A7BFF202AF91600B8DD95 /* AppDelegate.swift in Sources */,
				C90A7C442031C60100B8DD95 /* Extension+CLLocationCoordinate2D.swift in Sources */,
			);
			runOnlyForDeploymentPostprocessing = 0;
		};
		C90A7C0B202AF91600B8DD95 /* Sources */ = {
			isa = PBXSourcesBuildPhase;
			buildActionMask = 2147483647;
			files = (
				C90A7C14202AF91600B8DD95 /* WeatherForecastTests.swift in Sources */,
				C90A7C37202D630E00B8DD95 /* DataManager.swift in Sources */,
				C90A7C3C202D632000B8DD95 /* City.swift in Sources */,
				C90A7C3A202D631A00B8DD95 /* WeatherDetail.swift in Sources */,
				C90A7C3D202D632400B8DD95 /* Forecast.swift in Sources */,
				C90A7C3B202D631D00B8DD95 /* Coordinate.swift in Sources */,
				C90A7C23202B594C00B8DD95 /* WeatherAPI.swift in Sources */,
				C90A7C29202B687700B8DD95 /* APIConstant.swift in Sources */,
				C90A7C39202D631700B8DD95 /* Weather.swift in Sources */,
				C90A7C40202DD28B00B8DD95 /* DataManagerTests.swift in Sources */,
				C90A7C38202D631500B8DD95 /* Response.swift in Sources */,
			);
			runOnlyForDeploymentPostprocessing = 0;
		};
/* End PBXSourcesBuildPhase section */

/* Begin PBXTargetDependency section */
		C90A7C11202AF91600B8DD95 /* PBXTargetDependency */ = {
			isa = PBXTargetDependency;
			target = C90A7BFA202AF91600B8DD95 /* WeatherForecast */;
			targetProxy = C90A7C10202AF91600B8DD95 /* PBXContainerItemProxy */;
		};
/* End PBXTargetDependency section */

/* Begin PBXVariantGroup section */
		C90A7C02202AF91600B8DD95 /* Main.storyboard */ = {
			isa = PBXVariantGroup;
			children = (
				C90A7C03202AF91600B8DD95 /* Base */,
			);
			name = Main.storyboard;
			sourceTree = "<group>";
		};
		C90A7C07202AF91600B8DD95 /* LaunchScreen.storyboard */ = {
			isa = PBXVariantGroup;
			children = (
				C90A7C08202AF91600B8DD95 /* Base */,
			);
			name = LaunchScreen.storyboard;
			sourceTree = "<group>";
		};
/* End PBXVariantGroup section */

/* Begin XCBuildConfiguration section */
		C90A7C16202AF91600B8DD95 /* Debug */ = {
			isa = XCBuildConfiguration;
			buildSettings = {
				ALWAYS_SEARCH_USER_PATHS = NO;
				CLANG_ANALYZER_NONNULL = YES;
				CLANG_ANALYZER_NUMBER_OBJECT_CONVERSION = YES_AGGRESSIVE;
				CLANG_CXX_LANGUAGE_STANDARD = "gnu++14";
				CLANG_CXX_LIBRARY = "libc++";
				CLANG_ENABLE_MODULES = YES;
				CLANG_ENABLE_OBJC_ARC = YES;
				CLANG_WARN_BLOCK_CAPTURE_AUTORELEASING = YES;
				CLANG_WARN_BOOL_CONVERSION = YES;
				CLANG_WARN_COMMA = YES;
				CLANG_WARN_CONSTANT_CONVERSION = YES;
				CLANG_WARN_DIRECT_OBJC_ISA_USAGE = YES_ERROR;
				CLANG_WARN_DOCUMENTATION_COMMENTS = YES;
				CLANG_WARN_EMPTY_BODY = YES;
				CLANG_WARN_ENUM_CONVERSION = YES;
				CLANG_WARN_INFINITE_RECURSION = YES;
				CLANG_WARN_INT_CONVERSION = YES;
				CLANG_WARN_NON_LITERAL_NULL_CONVERSION = YES;
				CLANG_WARN_OBJC_LITERAL_CONVERSION = YES;
				CLANG_WARN_OBJC_ROOT_CLASS = YES_ERROR;
				CLANG_WARN_RANGE_LOOP_ANALYSIS = YES;
				CLANG_WARN_STRICT_PROTOTYPES = YES;
				CLANG_WARN_SUSPICIOUS_MOVE = YES;
				CLANG_WARN_UNGUARDED_AVAILABILITY = YES_AGGRESSIVE;
				CLANG_WARN_UNREACHABLE_CODE = YES;
				CLANG_WARN__DUPLICATE_METHOD_MATCH = YES;
				CODE_SIGN_IDENTITY = "iPhone Developer";
				COPY_PHASE_STRIP = NO;
				DEBUG_INFORMATION_FORMAT = dwarf;
				ENABLE_STRICT_OBJC_MSGSEND = YES;
				ENABLE_TESTABILITY = YES;
				GCC_C_LANGUAGE_STANDARD = gnu11;
				GCC_DYNAMIC_NO_PIC = NO;
				GCC_NO_COMMON_BLOCKS = YES;
				GCC_OPTIMIZATION_LEVEL = 0;
				GCC_PREPROCESSOR_DEFINITIONS = (
					"DEBUG=1",
					"$(inherited)",
				);
				GCC_WARN_64_TO_32_BIT_CONVERSION = YES;
				GCC_WARN_ABOUT_RETURN_TYPE = YES_ERROR;
				GCC_WARN_UNDECLARED_SELECTOR = YES;
				GCC_WARN_UNINITIALIZED_AUTOS = YES_AGGRESSIVE;
				GCC_WARN_UNUSED_FUNCTION = YES;
				GCC_WARN_UNUSED_VARIABLE = YES;
				IPHONEOS_DEPLOYMENT_TARGET = 11.2;
				MTL_ENABLE_DEBUG_INFO = YES;
				ONLY_ACTIVE_ARCH = YES;
				SDKROOT = iphoneos;
				SWIFT_ACTIVE_COMPILATION_CONDITIONS = DEBUG;
				SWIFT_OPTIMIZATION_LEVEL = "-Onone";
			};
			name = Debug;
		};
		C90A7C17202AF91600B8DD95 /* Release */ = {
			isa = XCBuildConfiguration;
			buildSettings = {
				ALWAYS_SEARCH_USER_PATHS = NO;
				CLANG_ANALYZER_NONNULL = YES;
				CLANG_ANALYZER_NUMBER_OBJECT_CONVERSION = YES_AGGRESSIVE;
				CLANG_CXX_LANGUAGE_STANDARD = "gnu++14";
				CLANG_CXX_LIBRARY = "libc++";
				CLANG_ENABLE_MODULES = YES;
				CLANG_ENABLE_OBJC_ARC = YES;
				CLANG_WARN_BLOCK_CAPTURE_AUTORELEASING = YES;
				CLANG_WARN_BOOL_CONVERSION = YES;
				CLANG_WARN_COMMA = YES;
				CLANG_WARN_CONSTANT_CONVERSION = YES;
				CLANG_WARN_DIRECT_OBJC_ISA_USAGE = YES_ERROR;
				CLANG_WARN_DOCUMENTATION_COMMENTS = YES;
				CLANG_WARN_EMPTY_BODY = YES;
				CLANG_WARN_ENUM_CONVERSION = YES;
				CLANG_WARN_INFINITE_RECURSION = YES;
				CLANG_WARN_INT_CONVERSION = YES;
				CLANG_WARN_NON_LITERAL_NULL_CONVERSION = YES;
				CLANG_WARN_OBJC_LITERAL_CONVERSION = YES;
				CLANG_WARN_OBJC_ROOT_CLASS = YES_ERROR;
				CLANG_WARN_RANGE_LOOP_ANALYSIS = YES;
				CLANG_WARN_STRICT_PROTOTYPES = YES;
				CLANG_WARN_SUSPICIOUS_MOVE = YES;
				CLANG_WARN_UNGUARDED_AVAILABILITY = YES_AGGRESSIVE;
				CLANG_WARN_UNREACHABLE_CODE = YES;
				CLANG_WARN__DUPLICATE_METHOD_MATCH = YES;
				CODE_SIGN_IDENTITY = "iPhone Developer";
				COPY_PHASE_STRIP = NO;
				DEBUG_INFORMATION_FORMAT = "dwarf-with-dsym";
				ENABLE_NS_ASSERTIONS = NO;
				ENABLE_STRICT_OBJC_MSGSEND = YES;
				GCC_C_LANGUAGE_STANDARD = gnu11;
				GCC_NO_COMMON_BLOCKS = YES;
				GCC_WARN_64_TO_32_BIT_CONVERSION = YES;
				GCC_WARN_ABOUT_RETURN_TYPE = YES_ERROR;
				GCC_WARN_UNDECLARED_SELECTOR = YES;
				GCC_WARN_UNINITIALIZED_AUTOS = YES_AGGRESSIVE;
				GCC_WARN_UNUSED_FUNCTION = YES;
				GCC_WARN_UNUSED_VARIABLE = YES;
				IPHONEOS_DEPLOYMENT_TARGET = 11.2;
				MTL_ENABLE_DEBUG_INFO = NO;
				SDKROOT = iphoneos;
				SWIFT_OPTIMIZATION_LEVEL = "-Owholemodule";
				VALIDATE_PRODUCT = YES;
			};
			name = Release;
		};
		C90A7C19202AF91600B8DD95 /* Debug */ = {
			isa = XCBuildConfiguration;
			baseConfigurationReference = 6D4C9BFFF889ADCC2D98AF0C /* Pods-WeatherForecast.debug.xcconfig */;
			buildSettings = {
				ASSETCATALOG_COMPILER_APPICON_NAME = AppIcon;
				CODE_SIGN_STYLE = Automatic;
				DEVELOPMENT_TEAM = V9TZ6H4V4N;
				INFOPLIST_FILE = WeatherForecast/Info.plist;
				LD_RUNPATH_SEARCH_PATHS = "$(inherited) @executable_path/Frameworks";
				PRODUCT_BUNDLE_IDENTIFIER = com.yourcompony.WeatherForecast;
				PRODUCT_NAME = "$(TARGET_NAME)";
				SWIFT_VERSION = 4.0;
				TARGETED_DEVICE_FAMILY = "1,2";
			};
			name = Debug;
		};
		C90A7C1A202AF91600B8DD95 /* Release */ = {
			isa = XCBuildConfiguration;
			baseConfigurationReference = 04DC8150F13F70F4B86F539F /* Pods-WeatherForecast.release.xcconfig */;
			buildSettings = {
				ASSETCATALOG_COMPILER_APPICON_NAME = AppIcon;
				CODE_SIGN_STYLE = Automatic;
				DEVELOPMENT_TEAM = V9TZ6H4V4N;
				INFOPLIST_FILE = WeatherForecast/Info.plist;
				LD_RUNPATH_SEARCH_PATHS = "$(inherited) @executable_path/Frameworks";
				PRODUCT_BUNDLE_IDENTIFIER = com.yourcompony.WeatherForecast;
				PRODUCT_NAME = "$(TARGET_NAME)";
				SWIFT_VERSION = 4.0;
				TARGETED_DEVICE_FAMILY = "1,2";
			};
			name = Release;
		};
		C90A7C1C202AF91600B8DD95 /* Debug */ = {
			isa = XCBuildConfiguration;
			baseConfigurationReference = 5558419799D746EB366866B4 /* Pods-WeatherForecastTests.debug.xcconfig */;
			buildSettings = {
				ALWAYS_EMBED_SWIFT_STANDARD_LIBRARIES = YES;
				BUNDLE_LOADER = "$(TEST_HOST)";
				CODE_SIGN_STYLE = Automatic;
				DEVELOPMENT_TEAM = V9TZ6H4V4N;
				INFOPLIST_FILE = WeatherForecastTests/Info.plist;
				LD_RUNPATH_SEARCH_PATHS = "$(inherited) @executable_path/Frameworks @loader_path/Frameworks";
				PRODUCT_BUNDLE_IDENTIFIER = com.yourcompony.WeatherForecastTests;
				PRODUCT_NAME = "$(TARGET_NAME)";
				SWIFT_VERSION = 4.0;
				TARGETED_DEVICE_FAMILY = "1,2";
				TEST_HOST = "$(BUILT_PRODUCTS_DIR)/WeatherForecast.app/WeatherForecast";
			};
			name = Debug;
		};
		C90A7C1D202AF91600B8DD95 /* Release */ = {
			isa = XCBuildConfiguration;
			baseConfigurationReference = 23C23D62DF8F8DA48612FCE2 /* Pods-WeatherForecastTests.release.xcconfig */;
			buildSettings = {
				ALWAYS_EMBED_SWIFT_STANDARD_LIBRARIES = YES;
				BUNDLE_LOADER = "$(TEST_HOST)";
				CODE_SIGN_STYLE = Automatic;
				DEVELOPMENT_TEAM = V9TZ6H4V4N;
				INFOPLIST_FILE = WeatherForecastTests/Info.plist;
				LD_RUNPATH_SEARCH_PATHS = "$(inherited) @executable_path/Frameworks @loader_path/Frameworks";
				PRODUCT_BUNDLE_IDENTIFIER = com.yourcompony.WeatherForecastTests;
				PRODUCT_NAME = "$(TARGET_NAME)";
				SWIFT_VERSION = 4.0;
				TARGETED_DEVICE_FAMILY = "1,2";
				TEST_HOST = "$(BUILT_PRODUCTS_DIR)/WeatherForecast.app/WeatherForecast";
			};
			name = Release;
		};
/* End XCBuildConfiguration section */

/* Begin XCConfigurationList section */
		C90A7BF6202AF91600B8DD95 /* Build configuration list for PBXProject "WeatherForecast" */ = {
			isa = XCConfigurationList;
			buildConfigurations = (
				C90A7C16202AF91600B8DD95 /* Debug */,
				C90A7C17202AF91600B8DD95 /* Release */,
			);
			defaultConfigurationIsVisible = 0;
			defaultConfigurationName = Release;
		};
		C90A7C18202AF91600B8DD95 /* Build configuration list for PBXNativeTarget "WeatherForecast" */ = {
			isa = XCConfigurationList;
			buildConfigurations = (
				C90A7C19202AF91600B8DD95 /* Debug */,
				C90A7C1A202AF91600B8DD95 /* Release */,
			);
			defaultConfigurationIsVisible = 0;
			defaultConfigurationName = Release;
		};
		C90A7C1B202AF91600B8DD95 /* Build configuration list for PBXNativeTarget "WeatherForecastTests" */ = {
			isa = XCConfigurationList;
			buildConfigurations = (
				C90A7C1C202AF91600B8DD95 /* Debug */,
				C90A7C1D202AF91600B8DD95 /* Release */,
			);
			defaultConfigurationIsVisible = 0;
			defaultConfigurationName = Release;
		};
/* End XCConfigurationList section */
	};
	rootObject = C90A7BF3202AF91600B8DD95 /* Project object */;
}
